// !$*UTF8*$!
{
	archiveVersion = 1;
	classes = {
	};
	objectVersion = 50;
	objects = {

/* Begin PBXBuildFile section */
		7A00FAD0218FE06500893C93 /* ThemeUpdater.swift in Sources */ = {isa = PBXBuildFile; fileRef = 7A00FACF218FE06500893C93 /* ThemeUpdater.swift */; };
		7A1BD1CE20E11646005D805B /* SearchFooter.swift in Sources */ = {isa = PBXBuildFile; fileRef = 7A1BD1CD20E11646005D805B /* SearchFooter.swift */; };
		7A200B1520D514A2003C6D97 /* UITableViewCell+BackgroundColor.swift in Sources */ = {isa = PBXBuildFile; fileRef = 7A200B1420D514A2003C6D97 /* UITableViewCell+BackgroundColor.swift */; };
		7A200B1720D53604003C6D97 /* User.swift in Sources */ = {isa = PBXBuildFile; fileRef = 7A200B1620D53604003C6D97 /* User.swift */; };
		7A200B1920D53E82003C6D97 /* BitriseApp.swift in Sources */ = {isa = PBXBuildFile; fileRef = 7A200B1820D53E82003C6D97 /* BitriseApp.swift */; };
		7A200B1B20D54049003C6D97 /* BitriseProjectOwner.swift in Sources */ = {isa = PBXBuildFile; fileRef = 7A200B1A20D54049003C6D97 /* BitriseProjectOwner.swift */; };
		7A200B2020D681B4003C6D97 /* Storyboards.swift in Sources */ = {isa = PBXBuildFile; fileRef = 7A200B1F20D681B4003C6D97 /* Storyboards.swift */; };
		7A200B2220D681EC003C6D97 /* Resources.swift in Sources */ = {isa = PBXBuildFile; fileRef = 7A200B2120D681EC003C6D97 /* Resources.swift */; };
		7A200B2420D7389A003C6D97 /* BitriseBrowserViewController.swift in Sources */ = {isa = PBXBuildFile; fileRef = 7A200B2320D7389A003C6D97 /* BitriseBrowserViewController.swift */; };
		7A200B2620D78F1B003C6D97 /* BRSessionManager.swift in Sources */ = {isa = PBXBuildFile; fileRef = 7A200B2520D78F1B003C6D97 /* BRSessionManager.swift */; };
		7A22923D216DB4A700372FDF /* APIClient+Build.swift in Sources */ = {isa = PBXBuildFile; fileRef = 7A22923C216DB4A700372FDF /* APIClient+Build.swift */; };
		7A2FB38621367A4A00FC788B /* BitriseAuthDelegate.swift in Sources */ = {isa = PBXBuildFile; fileRef = 7A2FB38521367A4A00FC788B /* BitriseAuthDelegate.swift */; };
		7A31109520FEFB84008B5893 /* BitriseYMLViewController.swift in Sources */ = {isa = PBXBuildFile; fileRef = 7A31109420FEFB84008B5893 /* BitriseYMLViewController.swift */; };
		7A349932218EAF710098F31B /* Bundle+AppVersions.swift in Sources */ = {isa = PBXBuildFile; fileRef = 7A349931218EAF710098F31B /* Bundle+AppVersions.swift */; };
		7A4CD89B21BA23DD00D906DC /* SettingsVC+PasscodeDelegate.swift in Sources */ = {isa = PBXBuildFile; fileRef = 7A4CD89A21BA23DD00D906DC /* SettingsVC+PasscodeDelegate.swift */; };
		7A53166721A2DDDA00C9DC91 /* InfoContentViewController.swift in Sources */ = {isa = PBXBuildFile; fileRef = 7A53166621A2DDDA00C9DC91 /* InfoContentViewController.swift */; };
		7A53166A21A2E56E00C9DC91 /* Acknowledgements.md in Resources */ = {isa = PBXBuildFile; fileRef = 7A53166921A2E56E00C9DC91 /* Acknowledgements.md */; };
		7A53166C21A4FDD000C9DC91 /* KeyConstants.swift in Sources */ = {isa = PBXBuildFile; fileRef = 7A53166B21A4FDD000C9DC91 /* KeyConstants.swift */; };
		7A595224219069AB00F3B84E /* PasscodeViewController.swift in Sources */ = {isa = PBXBuildFile; fileRef = 7A595223219069AB00F3B84E /* PasscodeViewController.swift */; };
		7A5952262191537400F3B84E /* DummyProjectVM.swift in Sources */ = {isa = PBXBuildFile; fileRef = 7A5952252191537400F3B84E /* DummyProjectVM.swift */; };
		7A5952282191589A00F3B84E /* RawIdentifierConstants.swift in Sources */ = {isa = PBXBuildFile; fileRef = 7A5952272191589A00F3B84E /* RawIdentifierConstants.swift */; };
		7A5DFB7E20D26AE400A3330B /* App.swift in Sources */ = {isa = PBXBuildFile; fileRef = 7A5DFB5D20D26AE300A3330B /* App.swift */; };
		7A5DFB7F20D26AE400A3330B /* TokenAuthVC.swift in Sources */ = {isa = PBXBuildFile; fileRef = 7A5DFB6020D26AE300A3330B /* TokenAuthVC.swift */; };
		7A5DFB8020D26AE400A3330B /* AppDelegate.swift in Sources */ = {isa = PBXBuildFile; fileRef = 7A5DFB6220D26AE300A3330B /* AppDelegate.swift */; };
		7A5DFB8120D26AE400A3330B /* ViewRepresentable.swift in Sources */ = {isa = PBXBuildFile; fileRef = 7A5DFB6420D26AE300A3330B /* ViewRepresentable.swift */; };
		7A5DFB8220D26AE400A3330B /* CellRepresentable.swift in Sources */ = {isa = PBXBuildFile; fileRef = 7A5DFB6520D26AE300A3330B /* CellRepresentable.swift */; };
		7A5DFB8320D26AE400A3330B /* ViewConfigurable.swift in Sources */ = {isa = PBXBuildFile; fileRef = 7A5DFB6620D26AE300A3330B /* ViewConfigurable.swift */; };
		7A5DFB8420D26AE400A3330B /* ProjectCell.swift in Sources */ = {isa = PBXBuildFile; fileRef = 7A5DFB6820D26AE300A3330B /* ProjectCell.swift */; };
		7A5DFB8520D26AE400A3330B /* ProjectListVC.swift in Sources */ = {isa = PBXBuildFile; fileRef = 7A5DFB6920D26AE300A3330B /* ProjectListVC.swift */; };
		7A5DFB8620D26AE400A3330B /* Colors.xcassets in Resources */ = {isa = PBXBuildFile; fileRef = 7A5DFB6B20D26AE300A3330B /* Colors.xcassets */; };
		7A5DFB8720D26AE400A3330B /* Assets.xcassets in Resources */ = {isa = PBXBuildFile; fileRef = 7A5DFB6C20D26AE300A3330B /* Assets.xcassets */; };
		7A5DFB8820D26AE400A3330B /* BitriseProjectVM.swift in Sources */ = {isa = PBXBuildFile; fileRef = 7A5DFB6E20D26AE300A3330B /* BitriseProjectVM.swift */; };
		7A5DFB8920D26AE400A3330B /* APIClient.swift in Sources */ = {isa = PBXBuildFile; fileRef = 7A5DFB7220D26AE300A3330B /* APIClient.swift */; };
		7A5DFB8A20D26AE400A3330B /* GoogleService-Info.plist in Resources */ = {isa = PBXBuildFile; fileRef = 7A5DFB7420D26AE300A3330B /* GoogleService-Info.plist */; };
		7A5DFB8B20D26AE400A3330B /* README.md in Resources */ = {isa = PBXBuildFile; fileRef = 7A5DFB7520D26AE300A3330B /* README.md */; };
		7A5DFB8D20D26AE400A3330B /* LaunchScreen.storyboard in Resources */ = {isa = PBXBuildFile; fileRef = 7A5DFB7A20D26AE400A3330B /* LaunchScreen.storyboard */; };
		7A5DFB8E20D26AE400A3330B /* Main.storyboard in Resources */ = {isa = PBXBuildFile; fileRef = 7A5DFB7C20D26AE400A3330B /* Main.storyboard */; };
		7A5E758F20DD275B008D32A5 /* Router.swift in Sources */ = {isa = PBXBuildFile; fileRef = 7A5E758E20DD275B008D32A5 /* Router.swift */; };
		7A5E759120DD36B4008D32A5 /* Build.swift in Sources */ = {isa = PBXBuildFile; fileRef = 7A5E759020DD36B4008D32A5 /* Build.swift */; };
		7A5E759520DD4285008D32A5 /* String+Digits.swift in Sources */ = {isa = PBXBuildFile; fileRef = 7A5E759420DD4285008D32A5 /* String+Digits.swift */; };
		7A628C30215B4A8D00759E48 /* BuildLog.swift in Sources */ = {isa = PBXBuildFile; fileRef = 7A628C2F215B4A8D00759E48 /* BuildLog.swift */; };
		7A628C32215B597000759E48 /* BuildLogViewController.swift in Sources */ = {isa = PBXBuildFile; fileRef = 7A628C31215B597000759E48 /* BuildLogViewController.swift */; };
		7A628C34215BC0C600759E48 /* BRNavigationController.swift in Sources */ = {isa = PBXBuildFile; fileRef = 7A628C33215BC0C600759E48 /* BRNavigationController.swift */; };
		7A690950214176F900487F13 /* NotificationNameExt+Names.swift in Sources */ = {isa = PBXBuildFile; fileRef = 7A69094F214176F900487F13 /* NotificationNameExt+Names.swift */; };
		7A69095221420C4C00487F13 /* BuildAction.swift in Sources */ = {isa = PBXBuildFile; fileRef = 7A69095121420C4C00487F13 /* BuildAction.swift */; };
		7A797D992170497700E57587 /* Segues.swift in Sources */ = {isa = PBXBuildFile; fileRef = 7A797D982170497700E57587 /* Segues.swift */; };
		7A8750C321EF30FC0096D821 /* TeamHeaderView.xib in Resources */ = {isa = PBXBuildFile; fileRef = 7A8750C221EF30FC0096D821 /* TeamHeaderView.xib */; };
		7A8750C521EF314E0096D821 /* TeamHeaderView.swift in Sources */ = {isa = PBXBuildFile; fileRef = 7A8750C421EF314E0096D821 /* TeamHeaderView.swift */; };
		7A8750C721EF323B0096D821 /* UIView+instanceFromNib.swift in Sources */ = {isa = PBXBuildFile; fileRef = 7A8750C621EF323B0096D821 /* UIView+instanceFromNib.swift */; };
		7A8750C921F0481F0096D821 /* UISection.swift in Sources */ = {isa = PBXBuildFile; fileRef = 7A8750C821F0481F0096D821 /* UISection.swift */; };
		7A8750CB21F176210096D821 /* UITableView+State.swift in Sources */ = {isa = PBXBuildFile; fileRef = 7A8750CA21F176210096D821 /* UITableView+State.swift */; };
		7A8E182D20FF67F30013C253 /* BuildListViewController.swift in Sources */ = {isa = PBXBuildFile; fileRef = 7A8E182C20FF67F30013C253 /* BuildListViewController.swift */; };
		7A8F71D621C0CC0B008E1825 /* PasscodeTimeoutDuration.swift in Sources */ = {isa = PBXBuildFile; fileRef = 7A8F71D521C0CC0B008E1825 /* PasscodeTimeoutDuration.swift */; };
		7A95AE2120FC753E008E6E28 /* TabPageViewController.swift in Sources */ = {isa = PBXBuildFile; fileRef = 7A95AE2020FC753E008E6E28 /* TabPageViewController.swift */; };
		7A95AE2320FC77FB008E6E28 /* TabPageTableViewController.swift in Sources */ = {isa = PBXBuildFile; fileRef = 7A95AE2220FC77FB008E6E28 /* TabPageTableViewController.swift */; };
		7A9917CD20E8EDFA002879AF /* Icons.xcassets in Resources */ = {isa = PBXBuildFile; fileRef = 7A9917CC20E8EDFA002879AF /* Icons.xcassets */; };
		7A99C6A3212D3D04003DC5D9 /* Strings.swift in Sources */ = {isa = PBXBuildFile; fileRef = 7A99C6A2212D3D04003DC5D9 /* Strings.swift */; };
		7A99C6A8212D3E4A003DC5D9 /* Localizable.strings in Resources */ = {isa = PBXBuildFile; fileRef = 7A99C6A6212D3E49003DC5D9 /* Localizable.strings */; };
		7A99C6AE212E5515003DC5D9 /* NewBuildViewController.swift in Sources */ = {isa = PBXBuildFile; fileRef = 7A99C6AD212E5515003DC5D9 /* NewBuildViewController.swift */; };
		7A99C6B0212E5552003DC5D9 /* UIButton+ViewConfigurable.swift in Sources */ = {isa = PBXBuildFile; fileRef = 7A99C6AF212E5552003DC5D9 /* UIButton+ViewConfigurable.swift */; };
		7A99C6B2212E55A8003DC5D9 /* AsyncResult.swift in Sources */ = {isa = PBXBuildFile; fileRef = 7A99C6B1212E55A8003DC5D9 /* AsyncResult.swift */; };
		7A99C6B4212E55C4003DC5D9 /* StartNewBuild.swift in Sources */ = {isa = PBXBuildFile; fileRef = 7A99C6B3212E55C4003DC5D9 /* StartNewBuild.swift */; };
		7A99C6B6212E55E2003DC5D9 /* BuildResponse.swift in Sources */ = {isa = PBXBuildFile; fileRef = 7A99C6B5212E55E2003DC5D9 /* BuildResponse.swift */; };
		7AB9D263210EDB410022951F /* AppDelegate+Utils.swift in Sources */ = {isa = PBXBuildFile; fileRef = 7AB9D262210EDB410022951F /* AppDelegate+Utils.swift */; };
		7ABD284E2179E01F004BA681 /* APIClient+Organizations.swift in Sources */ = {isa = PBXBuildFile; fileRef = 7ABD284D2179E01F004BA681 /* APIClient+Organizations.swift */; };
		7ABD2856217DD127004BA681 /* CloudKit.framework in Frameworks */ = {isa = PBXBuildFile; fileRef = 7ABD2855217DD127004BA681 /* CloudKit.framework */; };
		7ABF160E2199AB9A008F0A65 /* swift-version in Resources */ = {isa = PBXBuildFile; fileRef = 7ABF160D2199AB9A008F0A65 /* swift-version */; };
		7ABF16102199AC84008F0A65 /* LICENSE in Resources */ = {isa = PBXBuildFile; fileRef = 7ABF160F2199AC84008F0A65 /* LICENSE */; };
		7ABF16142199AD7C008F0A65 /* PasswordInputView.swift in Sources */ = {isa = PBXBuildFile; fileRef = 7ABF16132199AD7C008F0A65 /* PasswordInputView.swift */; };
		7ABF16162199ADAE008F0A65 /* PasswordContainerView.swift in Sources */ = {isa = PBXBuildFile; fileRef = 7ABF16152199ADAE008F0A65 /* PasswordContainerView.swift */; };
		7ABF16182199AE01008F0A65 /* PasswordDotView.swift in Sources */ = {isa = PBXBuildFile; fileRef = 7ABF16172199AE01008F0A65 /* PasswordDotView.swift */; };
		7ABF161A2199AE24008F0A65 /* PasswordUIValidation.swift in Sources */ = {isa = PBXBuildFile; fileRef = 7ABF16192199AE24008F0A65 /* PasswordUIValidation.swift */; };
		7ABF161E2199AE87008F0A65 /* PasswordContainerView.xib in Resources */ = {isa = PBXBuildFile; fileRef = 7ABF161C2199AE87008F0A65 /* PasswordContainerView.xib */; };
		7ABF161F2199AE87008F0A65 /* Assets.xcassets in Resources */ = {isa = PBXBuildFile; fileRef = 7ABF161D2199AE87008F0A65 /* Assets.xcassets */; };
		7AC4275720E3A62000DC99C0 /* Paging.swift in Sources */ = {isa = PBXBuildFile; fileRef = 7AC4275620E3A62000DC99C0 /* Paging.swift */; };
		7AC58BBF20F5E9F5007C95C0 /* ProjectDetailViewController.swift in Sources */ = {isa = PBXBuildFile; fileRef = 7AC58BBE20F5E9F5007C95C0 /* ProjectDetailViewController.swift */; };
		7AD08344218E7FCC003CB57A /* SettingsVC.swift in Sources */ = {isa = PBXBuildFile; fileRef = 7AD08343218E7FCC003CB57A /* SettingsVC.swift */; };
		7ADD314920D3305000BE2A77 /* ContentContainer.swift in Sources */ = {isa = PBXBuildFile; fileRef = 7ADD314820D3305000BE2A77 /* ContentContainer.swift */; };
		7AEEECAB2102037B00D6DD0D /* BuildCell.xib in Resources */ = {isa = PBXBuildFile; fileRef = 7AEEECAA2102037B00D6DD0D /* BuildCell.xib */; };
		7AEEECAD2102058C00D6DD0D /* BuildCell.swift in Sources */ = {isa = PBXBuildFile; fileRef = 7AEEECAC2102058C00D6DD0D /* BuildCell.swift */; };
		7AEEECAF2106C71B00D6DD0D /* ProjectBuildVM.swift in Sources */ = {isa = PBXBuildFile; fileRef = 7AEEECAE2106C71B00D6DD0D /* ProjectBuildVM.swift */; };
		7AEEECFB2109537C00D6DD0D /* ProfileViewController.swift in Sources */ = {isa = PBXBuildFile; fileRef = 7AEEECFA2109537C00D6DD0D /* ProfileViewController.swift */; };
		7AEEECFD21097DD100D6DD0D /* ProfileHeaderView.xib in Resources */ = {isa = PBXBuildFile; fileRef = 7AEEECFC21097DD100D6DD0D /* ProfileHeaderView.xib */; };
		7AEEECFF2109843D00D6DD0D /* ProfileHeaderView.swift in Sources */ = {isa = PBXBuildFile; fileRef = 7AEEECFE2109843D00D6DD0D /* ProfileHeaderView.swift */; };
		7AEF23EF215A4BF700BB8DE2 /* BuildDetailViewController.swift in Sources */ = {isa = PBXBuildFile; fileRef = 7AEF23EE215A4BF700BB8DE2 /* BuildDetailViewController.swift */; };
		7AEF23F1215A4DF500BB8DE2 /* UIViewController+InteractiveGestures.swift in Sources */ = {isa = PBXBuildFile; fileRef = 7AEF23F0215A4DF500BB8DE2 /* UIViewController+InteractiveGestures.swift */; };
		7AFCBB8A214B8A6000FF0326 /* AbortBuildParams.swift in Sources */ = {isa = PBXBuildFile; fileRef = 7AFCBB89214B8A6000FF0326 /* AbortBuildParams.swift */; };
		7AFCBB8C214C8C9000FF0326 /* Organization.swift in Sources */ = {isa = PBXBuildFile; fileRef = 7AFCBB8B214C8C9000FF0326 /* Organization.swift */; };
		80C3A65A44ECB15E7CE6A6E3 /* Pods_bitrise_unofficial_ios.framework in Frameworks */ = {isa = PBXBuildFile; fileRef = 1D257D26E6A39EAFFD702009 /* Pods_bitrise_unofficial_ios.framework */; };
		AA81174F21F6BE0100134820 /* bitrise_unofficial_ios_UITests.swift in Sources */ = {isa = PBXBuildFile; fileRef = AA81174E21F6BE0100134820 /* bitrise_unofficial_ios_UITests.swift */; };
		AA81175721F6C3B100134820 /* AppDelegate+TestConfig.swift in Sources */ = {isa = PBXBuildFile; fileRef = AA81175621F6C3B100134820 /* AppDelegate+TestConfig.swift */; };
		AAA59991220A464A00AD91AE /* AccessibilityIdentifiers.swift in Sources */ = {isa = PBXBuildFile; fileRef = AAA59990220A464A00AD91AE /* AccessibilityIdentifiers.swift */; };
		AAA59992220A464A00AD91AE /* AccessibilityIdentifiers.swift in Sources */ = {isa = PBXBuildFile; fileRef = AAA59990220A464A00AD91AE /* AccessibilityIdentifiers.swift */; };
/* End PBXBuildFile section */

/* Begin PBXContainerItemProxy section */
		AA81175121F6BE0100134820 /* PBXContainerItemProxy */ = {
			isa = PBXContainerItemProxy;
			containerPortal = 7A5DFB3E20D26A8D00A3330B /* Project object */;
			proxyType = 1;
			remoteGlobalIDString = 7A5DFB4520D26A8D00A3330B;
			remoteInfo = "bitrise unofficial ios";
		};
/* End PBXContainerItemProxy section */

/* Begin PBXFileReference section */
		0FDA6596E94ED769D179232C /* Pods-bitrise unofficial ios.debug.xcconfig */ = {isa = PBXFileReference; includeInIndex = 1; lastKnownFileType = text.xcconfig; name = "Pods-bitrise unofficial ios.debug.xcconfig"; path = "Pods/Target Support Files/Pods-bitrise unofficial ios/Pods-bitrise unofficial ios.debug.xcconfig"; sourceTree = "<group>"; };
		1D257D26E6A39EAFFD702009 /* Pods_bitrise_unofficial_ios.framework */ = {isa = PBXFileReference; explicitFileType = wrapper.framework; includeInIndex = 0; path = Pods_bitrise_unofficial_ios.framework; sourceTree = BUILT_PRODUCTS_DIR; };
		7A00FACF218FE06500893C93 /* ThemeUpdater.swift */ = {isa = PBXFileReference; lastKnownFileType = sourcecode.swift; path = ThemeUpdater.swift; sourceTree = "<group>"; };
		7A1BD1CD20E11646005D805B /* SearchFooter.swift */ = {isa = PBXFileReference; lastKnownFileType = sourcecode.swift; path = SearchFooter.swift; sourceTree = "<group>"; };
		7A200B1420D514A2003C6D97 /* UITableViewCell+BackgroundColor.swift */ = {isa = PBXFileReference; lastKnownFileType = sourcecode.swift; path = "UITableViewCell+BackgroundColor.swift"; sourceTree = "<group>"; };
		7A200B1620D53604003C6D97 /* User.swift */ = {isa = PBXFileReference; lastKnownFileType = sourcecode.swift; path = User.swift; sourceTree = "<group>"; };
		7A200B1820D53E82003C6D97 /* BitriseApp.swift */ = {isa = PBXFileReference; lastKnownFileType = sourcecode.swift; path = BitriseApp.swift; sourceTree = "<group>"; };
		7A200B1A20D54049003C6D97 /* BitriseProjectOwner.swift */ = {isa = PBXFileReference; lastKnownFileType = sourcecode.swift; path = BitriseProjectOwner.swift; sourceTree = "<group>"; };
		7A200B1F20D681B4003C6D97 /* Storyboards.swift */ = {isa = PBXFileReference; fileEncoding = 4; lastKnownFileType = sourcecode.swift; path = Storyboards.swift; sourceTree = "<group>"; };
		7A200B2120D681EC003C6D97 /* Resources.swift */ = {isa = PBXFileReference; fileEncoding = 4; lastKnownFileType = sourcecode.swift; path = Resources.swift; sourceTree = "<group>"; };
		7A200B2320D7389A003C6D97 /* BitriseBrowserViewController.swift */ = {isa = PBXFileReference; lastKnownFileType = sourcecode.swift; path = BitriseBrowserViewController.swift; sourceTree = "<group>"; };
		7A200B2520D78F1B003C6D97 /* BRSessionManager.swift */ = {isa = PBXFileReference; lastKnownFileType = sourcecode.swift; path = BRSessionManager.swift; sourceTree = "<group>"; };
		7A22923C216DB4A700372FDF /* APIClient+Build.swift */ = {isa = PBXFileReference; lastKnownFileType = sourcecode.swift; path = "APIClient+Build.swift"; sourceTree = "<group>"; };
		7A2FB38521367A4A00FC788B /* BitriseAuthDelegate.swift */ = {isa = PBXFileReference; lastKnownFileType = sourcecode.swift; path = BitriseAuthDelegate.swift; sourceTree = "<group>"; };
		7A31109420FEFB84008B5893 /* BitriseYMLViewController.swift */ = {isa = PBXFileReference; lastKnownFileType = sourcecode.swift; path = BitriseYMLViewController.swift; sourceTree = "<group>"; };
		7A349897218E99420098F31B /* VENDORS.md */ = {isa = PBXFileReference; lastKnownFileType = net.daringfireball.markdown; path = VENDORS.md; sourceTree = "<group>"; };
		7A349931218EAF710098F31B /* Bundle+AppVersions.swift */ = {isa = PBXFileReference; lastKnownFileType = sourcecode.swift; path = "Bundle+AppVersions.swift"; sourceTree = "<group>"; };
		7A4CD89A21BA23DD00D906DC /* SettingsVC+PasscodeDelegate.swift */ = {isa = PBXFileReference; lastKnownFileType = sourcecode.swift; path = "SettingsVC+PasscodeDelegate.swift"; sourceTree = "<group>"; };
		7A53166621A2DDDA00C9DC91 /* InfoContentViewController.swift */ = {isa = PBXFileReference; lastKnownFileType = sourcecode.swift; path = InfoContentViewController.swift; sourceTree = "<group>"; };
		7A53166921A2E56E00C9DC91 /* Acknowledgements.md */ = {isa = PBXFileReference; lastKnownFileType = net.daringfireball.markdown; path = Acknowledgements.md; sourceTree = "<group>"; };
		7A53166B21A4FDD000C9DC91 /* KeyConstants.swift */ = {isa = PBXFileReference; lastKnownFileType = sourcecode.swift; path = KeyConstants.swift; sourceTree = "<group>"; };
		7A53EC6A219E7845001BB556 /* LICENSE.md */ = {isa = PBXFileReference; lastKnownFileType = net.daringfireball.markdown; path = LICENSE.md; sourceTree = "<group>"; };
		7A53EC6B219E98CA001BB556 /* CHANGELOG.md */ = {isa = PBXFileReference; lastKnownFileType = net.daringfireball.markdown; path = CHANGELOG.md; sourceTree = "<group>"; };
		7A595223219069AB00F3B84E /* PasscodeViewController.swift */ = {isa = PBXFileReference; lastKnownFileType = sourcecode.swift; path = PasscodeViewController.swift; sourceTree = "<group>"; };
		7A5952252191537400F3B84E /* DummyProjectVM.swift */ = {isa = PBXFileReference; lastKnownFileType = sourcecode.swift; path = DummyProjectVM.swift; sourceTree = "<group>"; };
		7A5952272191589A00F3B84E /* RawIdentifierConstants.swift */ = {isa = PBXFileReference; lastKnownFileType = sourcecode.swift; path = RawIdentifierConstants.swift; sourceTree = "<group>"; };
		7A5DFB4620D26A8D00A3330B /* bitrise unofficial ios.app */ = {isa = PBXFileReference; explicitFileType = wrapper.application; includeInIndex = 0; path = "bitrise unofficial ios.app"; sourceTree = BUILT_PRODUCTS_DIR; };
		7A5DFB5D20D26AE300A3330B /* App.swift */ = {isa = PBXFileReference; fileEncoding = 4; lastKnownFileType = sourcecode.swift; path = App.swift; sourceTree = "<group>"; };
		7A5DFB6020D26AE300A3330B /* TokenAuthVC.swift */ = {isa = PBXFileReference; fileEncoding = 4; lastKnownFileType = sourcecode.swift; path = TokenAuthVC.swift; sourceTree = "<group>"; };
		7A5DFB6220D26AE300A3330B /* AppDelegate.swift */ = {isa = PBXFileReference; fileEncoding = 4; lastKnownFileType = sourcecode.swift; path = AppDelegate.swift; sourceTree = "<group>"; };
		7A5DFB6420D26AE300A3330B /* ViewRepresentable.swift */ = {isa = PBXFileReference; fileEncoding = 4; lastKnownFileType = sourcecode.swift; path = ViewRepresentable.swift; sourceTree = "<group>"; };
		7A5DFB6520D26AE300A3330B /* CellRepresentable.swift */ = {isa = PBXFileReference; fileEncoding = 4; lastKnownFileType = sourcecode.swift; path = CellRepresentable.swift; sourceTree = "<group>"; };
		7A5DFB6620D26AE300A3330B /* ViewConfigurable.swift */ = {isa = PBXFileReference; fileEncoding = 4; lastKnownFileType = sourcecode.swift; path = ViewConfigurable.swift; sourceTree = "<group>"; };
		7A5DFB6820D26AE300A3330B /* ProjectCell.swift */ = {isa = PBXFileReference; fileEncoding = 4; lastKnownFileType = sourcecode.swift; path = ProjectCell.swift; sourceTree = "<group>"; };
		7A5DFB6920D26AE300A3330B /* ProjectListVC.swift */ = {isa = PBXFileReference; fileEncoding = 4; lastKnownFileType = sourcecode.swift; path = ProjectListVC.swift; sourceTree = "<group>"; };
		7A5DFB6B20D26AE300A3330B /* Colors.xcassets */ = {isa = PBXFileReference; lastKnownFileType = folder.assetcatalog; path = Colors.xcassets; sourceTree = "<group>"; };
		7A5DFB6C20D26AE300A3330B /* Assets.xcassets */ = {isa = PBXFileReference; lastKnownFileType = folder.assetcatalog; path = Assets.xcassets; sourceTree = "<group>"; };
		7A5DFB6E20D26AE300A3330B /* BitriseProjectVM.swift */ = {isa = PBXFileReference; fileEncoding = 4; lastKnownFileType = sourcecode.swift; path = BitriseProjectVM.swift; sourceTree = "<group>"; };
		7A5DFB7220D26AE300A3330B /* APIClient.swift */ = {isa = PBXFileReference; fileEncoding = 4; lastKnownFileType = sourcecode.swift; path = APIClient.swift; sourceTree = "<group>"; };
		7A5DFB7420D26AE300A3330B /* GoogleService-Info.plist */ = {isa = PBXFileReference; fileEncoding = 4; lastKnownFileType = text.plist.xml; path = "GoogleService-Info.plist"; sourceTree = "<group>"; };
		7A5DFB7520D26AE300A3330B /* README.md */ = {isa = PBXFileReference; fileEncoding = 4; lastKnownFileType = net.daringfireball.markdown; path = README.md; sourceTree = "<group>"; };
		7A5DFB7620D26AE300A3330B /* Info.plist */ = {isa = PBXFileReference; fileEncoding = 4; lastKnownFileType = text.plist.xml; path = Info.plist; sourceTree = "<group>"; };
		7A5DFB7B20D26AE400A3330B /* Base */ = {isa = PBXFileReference; lastKnownFileType = file.storyboard; name = Base; path = Base.lproj/LaunchScreen.storyboard; sourceTree = "<group>"; };
		7A5DFB7D20D26AE400A3330B /* Base */ = {isa = PBXFileReference; lastKnownFileType = file.storyboard; name = Base; path = Base.lproj/Main.storyboard; sourceTree = "<group>"; };
		7A5DFB8F20D26B0B00A3330B /* bitrise unofficial ios.entitlements */ = {isa = PBXFileReference; lastKnownFileType = text.plist.entitlements; path = "bitrise unofficial ios.entitlements"; sourceTree = "<group>"; };
		7A5E758E20DD275B008D32A5 /* Router.swift */ = {isa = PBXFileReference; lastKnownFileType = sourcecode.swift; path = Router.swift; sourceTree = "<group>"; };
		7A5E759020DD36B4008D32A5 /* Build.swift */ = {isa = PBXFileReference; lastKnownFileType = sourcecode.swift; path = Build.swift; sourceTree = "<group>"; };
		7A5E759420DD4285008D32A5 /* String+Digits.swift */ = {isa = PBXFileReference; lastKnownFileType = sourcecode.swift; path = "String+Digits.swift"; sourceTree = "<group>"; };
		7A628C2F215B4A8D00759E48 /* BuildLog.swift */ = {isa = PBXFileReference; lastKnownFileType = sourcecode.swift; path = BuildLog.swift; sourceTree = "<group>"; };
		7A628C31215B597000759E48 /* BuildLogViewController.swift */ = {isa = PBXFileReference; lastKnownFileType = sourcecode.swift; path = BuildLogViewController.swift; sourceTree = "<group>"; };
		7A628C33215BC0C600759E48 /* BRNavigationController.swift */ = {isa = PBXFileReference; lastKnownFileType = sourcecode.swift; path = BRNavigationController.swift; sourceTree = "<group>"; };
		7A6649DB21797D3600543F89 /* fr */ = {isa = PBXFileReference; lastKnownFileType = text.plist.strings; name = fr; path = fr.lproj/LaunchScreen.strings; sourceTree = "<group>"; };
		7A6649DC21797D3600543F89 /* fr */ = {isa = PBXFileReference; lastKnownFileType = text.plist.strings; name = fr; path = fr.lproj/Main.strings; sourceTree = "<group>"; };
		7A6649DD21797D3600543F89 /* fr */ = {isa = PBXFileReference; lastKnownFileType = text.plist.strings; name = fr; path = fr.lproj/Localizable.strings; sourceTree = "<group>"; };
		7A69094F214176F900487F13 /* NotificationNameExt+Names.swift */ = {isa = PBXFileReference; lastKnownFileType = sourcecode.swift; path = "NotificationNameExt+Names.swift"; sourceTree = "<group>"; };
		7A69095121420C4C00487F13 /* BuildAction.swift */ = {isa = PBXFileReference; lastKnownFileType = sourcecode.swift; path = BuildAction.swift; sourceTree = "<group>"; };
		7A797D982170497700E57587 /* Segues.swift */ = {isa = PBXFileReference; fileEncoding = 4; lastKnownFileType = sourcecode.swift; path = Segues.swift; sourceTree = "<group>"; };
		7A8750C221EF30FC0096D821 /* TeamHeaderView.xib */ = {isa = PBXFileReference; lastKnownFileType = file.xib; path = TeamHeaderView.xib; sourceTree = "<group>"; };
		7A8750C421EF314E0096D821 /* TeamHeaderView.swift */ = {isa = PBXFileReference; lastKnownFileType = sourcecode.swift; path = TeamHeaderView.swift; sourceTree = "<group>"; };
		7A8750C621EF323B0096D821 /* UIView+instanceFromNib.swift */ = {isa = PBXFileReference; lastKnownFileType = sourcecode.swift; path = "UIView+instanceFromNib.swift"; sourceTree = "<group>"; };
		7A8750C821F0481F0096D821 /* UISection.swift */ = {isa = PBXFileReference; lastKnownFileType = sourcecode.swift; path = UISection.swift; sourceTree = "<group>"; };
		7A8750CA21F176210096D821 /* UITableView+State.swift */ = {isa = PBXFileReference; lastKnownFileType = sourcecode.swift; path = "UITableView+State.swift"; sourceTree = "<group>"; };
		7A8E182C20FF67F30013C253 /* BuildListViewController.swift */ = {isa = PBXFileReference; lastKnownFileType = sourcecode.swift; path = BuildListViewController.swift; sourceTree = "<group>"; };
		7A8F71D521C0CC0B008E1825 /* PasscodeTimeoutDuration.swift */ = {isa = PBXFileReference; lastKnownFileType = sourcecode.swift; path = PasscodeTimeoutDuration.swift; sourceTree = "<group>"; };
		7A95AE2020FC753E008E6E28 /* TabPageViewController.swift */ = {isa = PBXFileReference; lastKnownFileType = sourcecode.swift; path = TabPageViewController.swift; sourceTree = "<group>"; };
		7A95AE2220FC77FB008E6E28 /* TabPageTableViewController.swift */ = {isa = PBXFileReference; lastKnownFileType = sourcecode.swift; path = TabPageTableViewController.swift; sourceTree = "<group>"; };
		7A9917CC20E8EDFA002879AF /* Icons.xcassets */ = {isa = PBXFileReference; lastKnownFileType = folder.assetcatalog; path = Icons.xcassets; sourceTree = "<group>"; };
		7A99C6A0212D3C0B003DC5D9 /* ru */ = {isa = PBXFileReference; lastKnownFileType = text.plist.strings; name = ru; path = ru.lproj/LaunchScreen.strings; sourceTree = "<group>"; };
		7A99C6A1212D3C0C003DC5D9 /* ru */ = {isa = PBXFileReference; lastKnownFileType = text.plist.strings; name = ru; path = ru.lproj/Main.strings; sourceTree = "<group>"; };
		7A99C6A2212D3D04003DC5D9 /* Strings.swift */ = {isa = PBXFileReference; fileEncoding = 4; lastKnownFileType = sourcecode.swift; path = Strings.swift; sourceTree = "<group>"; };
		7A99C6A7212D3E49003DC5D9 /* en */ = {isa = PBXFileReference; lastKnownFileType = text.plist.strings; name = en; path = en.lproj/Localizable.strings; sourceTree = "<group>"; };
		7A99C6A9212D3E78003DC5D9 /* ru */ = {isa = PBXFileReference; lastKnownFileType = text.plist.strings; name = ru; path = ru.lproj/Localizable.strings; sourceTree = "<group>"; };
		7A99C6AA212D405D003DC5D9 /* en */ = {isa = PBXFileReference; lastKnownFileType = text.plist.strings; name = en; path = en.lproj/Main.strings; sourceTree = "<group>"; };
		7A99C6AC212D4065003DC5D9 /* en */ = {isa = PBXFileReference; lastKnownFileType = text.plist.strings; name = en; path = en.lproj/LaunchScreen.strings; sourceTree = "<group>"; };
		7A99C6AD212E5515003DC5D9 /* NewBuildViewController.swift */ = {isa = PBXFileReference; fileEncoding = 4; lastKnownFileType = sourcecode.swift; path = NewBuildViewController.swift; sourceTree = "<group>"; };
		7A99C6AF212E5552003DC5D9 /* UIButton+ViewConfigurable.swift */ = {isa = PBXFileReference; fileEncoding = 4; lastKnownFileType = sourcecode.swift; path = "UIButton+ViewConfigurable.swift"; sourceTree = "<group>"; };
		7A99C6B1212E55A8003DC5D9 /* AsyncResult.swift */ = {isa = PBXFileReference; fileEncoding = 4; lastKnownFileType = sourcecode.swift; path = AsyncResult.swift; sourceTree = "<group>"; };
		7A99C6B3212E55C4003DC5D9 /* StartNewBuild.swift */ = {isa = PBXFileReference; fileEncoding = 4; lastKnownFileType = sourcecode.swift; path = StartNewBuild.swift; sourceTree = "<group>"; };
		7A99C6B5212E55E2003DC5D9 /* BuildResponse.swift */ = {isa = PBXFileReference; fileEncoding = 4; lastKnownFileType = sourcecode.swift; path = BuildResponse.swift; sourceTree = "<group>"; };
		7AB9D262210EDB410022951F /* AppDelegate+Utils.swift */ = {isa = PBXFileReference; lastKnownFileType = sourcecode.swift; path = "AppDelegate+Utils.swift"; sourceTree = "<group>"; };
		7ABD284D2179E01F004BA681 /* APIClient+Organizations.swift */ = {isa = PBXFileReference; lastKnownFileType = sourcecode.swift; path = "APIClient+Organizations.swift"; sourceTree = "<group>"; };
		7ABD2855217DD127004BA681 /* CloudKit.framework */ = {isa = PBXFileReference; lastKnownFileType = wrapper.framework; name = CloudKit.framework; path = System/Library/Frameworks/CloudKit.framework; sourceTree = SDKROOT; };
		7ABF160D2199AB9A008F0A65 /* swift-version */ = {isa = PBXFileReference; fileEncoding = 4; lastKnownFileType = text; path = "swift-version"; sourceTree = "<group>"; };
		7ABF160F2199AC84008F0A65 /* LICENSE */ = {isa = PBXFileReference; fileEncoding = 4; lastKnownFileType = text; path = LICENSE; sourceTree = "<group>"; };
		7ABF16112199ACAE008F0A65 /* SMILELOCK_README.md */ = {isa = PBXFileReference; lastKnownFileType = net.daringfireball.markdown; path = SMILELOCK_README.md; sourceTree = "<group>"; };
		7ABF16132199AD7C008F0A65 /* PasswordInputView.swift */ = {isa = PBXFileReference; lastKnownFileType = sourcecode.swift; name = PasswordInputView.swift; path = "bitrise unofficial ios/Vendors/SmileLock/PasswordInputView.swift"; sourceTree = SOURCE_ROOT; };
		7ABF16152199ADAE008F0A65 /* PasswordContainerView.swift */ = {isa = PBXFileReference; lastKnownFileType = sourcecode.swift; name = PasswordContainerView.swift; path = "bitrise unofficial ios/Vendors/SmileLock/PasswordContainerView.swift"; sourceTree = SOURCE_ROOT; };
		7ABF16172199AE01008F0A65 /* PasswordDotView.swift */ = {isa = PBXFileReference; lastKnownFileType = sourcecode.swift; name = PasswordDotView.swift; path = "bitrise unofficial ios/Vendors/SmileLock/PasswordDotView.swift"; sourceTree = SOURCE_ROOT; };
		7ABF16192199AE24008F0A65 /* PasswordUIValidation.swift */ = {isa = PBXFileReference; lastKnownFileType = sourcecode.swift; name = PasswordUIValidation.swift; path = "bitrise unofficial ios/Vendors/SmileLock/PasswordUIValidation.swift"; sourceTree = SOURCE_ROOT; };
		7ABF161C2199AE87008F0A65 /* PasswordContainerView.xib */ = {isa = PBXFileReference; fileEncoding = 4; lastKnownFileType = file.xib; path = PasswordContainerView.xib; sourceTree = "<group>"; };
		7ABF161D2199AE87008F0A65 /* Assets.xcassets */ = {isa = PBXFileReference; lastKnownFileType = folder.assetcatalog; path = Assets.xcassets; sourceTree = "<group>"; };
		7ABF1620219AD884008F0A65 /* CONTRIBUTING.md */ = {isa = PBXFileReference; lastKnownFileType = net.daringfireball.markdown; path = CONTRIBUTING.md; sourceTree = "<group>"; };
		7AC4275620E3A62000DC99C0 /* Paging.swift */ = {isa = PBXFileReference; lastKnownFileType = sourcecode.swift; path = Paging.swift; sourceTree = "<group>"; };
		7AC58BBE20F5E9F5007C95C0 /* ProjectDetailViewController.swift */ = {isa = PBXFileReference; lastKnownFileType = sourcecode.swift; path = ProjectDetailViewController.swift; sourceTree = "<group>"; };
		7AD08343218E7FCC003CB57A /* SettingsVC.swift */ = {isa = PBXFileReference; lastKnownFileType = sourcecode.swift; path = SettingsVC.swift; sourceTree = "<group>"; };
		7ADD314820D3305000BE2A77 /* ContentContainer.swift */ = {isa = PBXFileReference; lastKnownFileType = sourcecode.swift; path = ContentContainer.swift; sourceTree = "<group>"; };
		7AEEECAA2102037B00D6DD0D /* BuildCell.xib */ = {isa = PBXFileReference; lastKnownFileType = file.xib; path = BuildCell.xib; sourceTree = "<group>"; };
		7AEEECAC2102058C00D6DD0D /* BuildCell.swift */ = {isa = PBXFileReference; lastKnownFileType = sourcecode.swift; path = BuildCell.swift; sourceTree = "<group>"; };
		7AEEECAE2106C71B00D6DD0D /* ProjectBuildVM.swift */ = {isa = PBXFileReference; lastKnownFileType = sourcecode.swift; path = ProjectBuildVM.swift; sourceTree = "<group>"; };
		7AEEECFA2109537C00D6DD0D /* ProfileViewController.swift */ = {isa = PBXFileReference; lastKnownFileType = sourcecode.swift; path = ProfileViewController.swift; sourceTree = "<group>"; };
		7AEEECFC21097DD100D6DD0D /* ProfileHeaderView.xib */ = {isa = PBXFileReference; lastKnownFileType = file.xib; path = ProfileHeaderView.xib; sourceTree = "<group>"; };
		7AEEECFE2109843D00D6DD0D /* ProfileHeaderView.swift */ = {isa = PBXFileReference; lastKnownFileType = sourcecode.swift; path = ProfileHeaderView.swift; sourceTree = "<group>"; };
		7AEF23EE215A4BF700BB8DE2 /* BuildDetailViewController.swift */ = {isa = PBXFileReference; lastKnownFileType = sourcecode.swift; path = BuildDetailViewController.swift; sourceTree = "<group>"; };
		7AEF23F0215A4DF500BB8DE2 /* UIViewController+InteractiveGestures.swift */ = {isa = PBXFileReference; lastKnownFileType = sourcecode.swift; path = "UIViewController+InteractiveGestures.swift"; sourceTree = "<group>"; };
		7AFCBB89214B8A6000FF0326 /* AbortBuildParams.swift */ = {isa = PBXFileReference; lastKnownFileType = sourcecode.swift; path = AbortBuildParams.swift; sourceTree = "<group>"; };
		7AFCBB8B214C8C9000FF0326 /* Organization.swift */ = {isa = PBXFileReference; lastKnownFileType = sourcecode.swift; path = Organization.swift; sourceTree = "<group>"; };
		AA81174C21F6BE0100134820 /* bitrise unofficial ios UITests.xctest */ = {isa = PBXFileReference; explicitFileType = wrapper.cfbundle; includeInIndex = 0; path = "bitrise unofficial ios UITests.xctest"; sourceTree = BUILT_PRODUCTS_DIR; };
		AA81174E21F6BE0100134820 /* bitrise_unofficial_ios_UITests.swift */ = {isa = PBXFileReference; lastKnownFileType = sourcecode.swift; path = bitrise_unofficial_ios_UITests.swift; sourceTree = "<group>"; };
		AA81175021F6BE0100134820 /* Info.plist */ = {isa = PBXFileReference; lastKnownFileType = text.plist.xml; path = Info.plist; sourceTree = "<group>"; };
		AA81175621F6C3B100134820 /* AppDelegate+TestConfig.swift */ = {isa = PBXFileReference; lastKnownFileType = sourcecode.swift; path = "AppDelegate+TestConfig.swift"; sourceTree = "<group>"; };
		AAA59990220A464A00AD91AE /* AccessibilityIdentifiers.swift */ = {isa = PBXFileReference; lastKnownFileType = sourcecode.swift; path = AccessibilityIdentifiers.swift; sourceTree = "<group>"; };
		C9A38727C6B2204731A14ED2 /* Pods-bitrise unofficial ios.release.xcconfig */ = {isa = PBXFileReference; includeInIndex = 1; lastKnownFileType = text.xcconfig; name = "Pods-bitrise unofficial ios.release.xcconfig"; path = "Pods/Target Support Files/Pods-bitrise unofficial ios/Pods-bitrise unofficial ios.release.xcconfig"; sourceTree = "<group>"; };
/* End PBXFileReference section */

/* Begin PBXFrameworksBuildPhase section */
		7A5DFB4320D26A8D00A3330B /* Frameworks */ = {
			isa = PBXFrameworksBuildPhase;
			buildActionMask = 2147483647;
			files = (
				80C3A65A44ECB15E7CE6A6E3 /* Pods_bitrise_unofficial_ios.framework in Frameworks */,
				7ABD2856217DD127004BA681 /* CloudKit.framework in Frameworks */,
			);
			runOnlyForDeploymentPostprocessing = 0;
		};
		AA81174921F6BE0100134820 /* Frameworks */ = {
			isa = PBXFrameworksBuildPhase;
			buildActionMask = 2147483647;
			files = (
			);
			runOnlyForDeploymentPostprocessing = 0;
		};
/* End PBXFrameworksBuildPhase section */

/* Begin PBXGroup section */
		3564B5D8F6711471F1645289 /* Pods */ = {
			isa = PBXGroup;
			children = (
				0FDA6596E94ED769D179232C /* Pods-bitrise unofficial ios.debug.xcconfig */,
				C9A38727C6B2204731A14ED2 /* Pods-bitrise unofficial ios.release.xcconfig */,
			);
			name = Pods;
			sourceTree = "<group>";
		};
		7A00FACE218FE03E00893C93 /* Theme */ = {
			isa = PBXGroup;
			children = (
				7A00FACF218FE06500893C93 /* ThemeUpdater.swift */,
			);
			path = Theme;
			sourceTree = "<group>";
		};
		7A200B1120D4FFC6003C6D97 /* Views */ = {
			isa = PBXGroup;
			children = (
				7A5DFB6820D26AE300A3330B /* ProjectCell.swift */,
				7A1BD1CD20E11646005D805B /* SearchFooter.swift */,
			);
			path = Views;
			sourceTree = "<group>";
		};
		7A200B1220D4FFCC003C6D97 /* Controllers */ = {
			isa = PBXGroup;
			children = (
				7A5DFB6920D26AE300A3330B /* ProjectListVC.swift */,
				7AC58BBE20F5E9F5007C95C0 /* ProjectDetailViewController.swift */,
				7A31109420FEFB84008B5893 /* BitriseYMLViewController.swift */,
			);
			path = Controllers;
			sourceTree = "<group>";
		};
		7A200B1320D5147E003C6D97 /* Extensions */ = {
			isa = PBXGroup;
			children = (
				7A99C6AF212E5552003DC5D9 /* UIButton+ViewConfigurable.swift */,
				7A200B1420D514A2003C6D97 /* UITableViewCell+BackgroundColor.swift */,
				7A5E759420DD4285008D32A5 /* String+Digits.swift */,
				7A69094F214176F900487F13 /* NotificationNameExt+Names.swift */,
				7AEF23F0215A4DF500BB8DE2 /* UIViewController+InteractiveGestures.swift */,
				7A349931218EAF710098F31B /* Bundle+AppVersions.swift */,
				7A8750C621EF323B0096D821 /* UIView+instanceFromNib.swift */,
				7A8750CA21F176210096D821 /* UITableView+State.swift */,
			);
			path = Extensions;
			sourceTree = "<group>";
		};
		7A349896218E99290098F31B /* Vendors */ = {
			isa = PBXGroup;
			children = (
				7A349897218E99420098F31B /* VENDORS.md */,
				7ABF160C2199A9DF008F0A65 /* SmileLock */,
			);
			path = Vendors;
			sourceTree = "<group>";
		};
		7A53166821A2DE0D00C9DC91 /* Markdown Content Pages */ = {
			isa = PBXGroup;
			children = (
				7A53166921A2E56E00C9DC91 /* Acknowledgements.md */,
			);
			path = "Markdown Content Pages";
			sourceTree = "<group>";
		};
		7A5DFB3D20D26A8D00A3330B = {
			isa = PBXGroup;
			children = (
				7A53EC6B219E98CA001BB556 /* CHANGELOG.md */,
				7A53EC6A219E7845001BB556 /* LICENSE.md */,
				7A5DFB7520D26AE300A3330B /* README.md */,
				7ABF1620219AD884008F0A65 /* CONTRIBUTING.md */,
				7A5DFB4820D26A8D00A3330B /* bitrise unofficial ios */,
				AA81174D21F6BE0100134820 /* bitrise unofficial ios UITests */,
				7A5DFB4720D26A8D00A3330B /* Products */,
				3564B5D8F6711471F1645289 /* Pods */,
				CE768A2B4F5BB1A99DB39E15 /* Frameworks */,
			);
			sourceTree = "<group>";
		};
		7A5DFB4720D26A8D00A3330B /* Products */ = {
			isa = PBXGroup;
			children = (
				7A5DFB4620D26A8D00A3330B /* bitrise unofficial ios.app */,
				AA81174C21F6BE0100134820 /* bitrise unofficial ios UITests.xctest */,
			);
			name = Products;
			sourceTree = "<group>";
		};
		7A5DFB4820D26A8D00A3330B /* bitrise unofficial ios */ = {
			isa = PBXGroup;
			children = (
				7A5DFB8F20D26B0B00A3330B /* bitrise unofficial ios.entitlements */,
				7A5DFB5B20D26AE300A3330B /* App */,
				7A00FACE218FE03E00893C93 /* Theme */,
				7A5DFB6A20D26AE300A3330B /* Resources */,
				7ADD314720D3301600BE2A77 /* Components */,
				7A5DFB7020D26AE300A3330B /* Services */,
				7A5DFB5E20D26AE300A3330B /* Features */,
				7A5DFB6320D26AE300A3330B /* Protocols */,
				7A5DFB7720D26AE400A3330B /* Models */,
				7A5DFB6D20D26AE300A3330B /* ViewModels */,
				7A5DFB7920D26AE400A3330B /* Storyboards */,
				7A5DFB7320D26AE300A3330B /* Supporting Files */,
				7A5DFB6F20D26AE300A3330B /* Utils */,
				7A349896218E99290098F31B /* Vendors */,
			);
			path = "bitrise unofficial ios";
			sourceTree = "<group>";
		};
		7A5DFB5B20D26AE300A3330B /* App */ = {
			isa = PBXGroup;
			children = (
				7A5DFB5D20D26AE300A3330B /* App.swift */,
				7A5DFB6220D26AE300A3330B /* AppDelegate.swift */,
				7AB9D262210EDB410022951F /* AppDelegate+Utils.swift */,
				AA81175621F6C3B100134820 /* AppDelegate+TestConfig.swift */,
			);
			path = App;
			sourceTree = "<group>";
		};
		7A5DFB5E20D26AE300A3330B /* Features */ = {
			isa = PBXGroup;
			children = (
				7A5DFB6720D26AE300A3330B /* Bitrise Projects */,
				7A797D9A2170746100E57587 /* Bitrise Builds */,
				7A5DFB5F20D26AE300A3330B /* User Authentication */,
				7A8E182B20FF218F0013C253 /* User Profile */,
				7AD08342218E7FA5003CB57A /* Settings & Preferences */,
			);
			path = Features;
			sourceTree = "<group>";
		};
		7A5DFB5F20D26AE300A3330B /* User Authentication */ = {
			isa = PBXGroup;
			children = (
				7A5DFB6020D26AE300A3330B /* TokenAuthVC.swift */,
				7A200B2320D7389A003C6D97 /* BitriseBrowserViewController.swift */,
				7A595223219069AB00F3B84E /* PasscodeViewController.swift */,
			);
			path = "User Authentication";
			sourceTree = "<group>";
		};
		7A5DFB6320D26AE300A3330B /* Protocols */ = {
			isa = PBXGroup;
			children = (
				7A5DFB6420D26AE300A3330B /* ViewRepresentable.swift */,
				7A5DFB6520D26AE300A3330B /* CellRepresentable.swift */,
				7A5DFB6620D26AE300A3330B /* ViewConfigurable.swift */,
				7A2FB38521367A4A00FC788B /* BitriseAuthDelegate.swift */,
			);
			path = Protocols;
			sourceTree = "<group>";
		};
		7A5DFB6720D26AE300A3330B /* Bitrise Projects */ = {
			isa = PBXGroup;
			children = (
				7A200B1220D4FFCC003C6D97 /* Controllers */,
				7A200B1120D4FFC6003C6D97 /* Views */,
			);
			path = "Bitrise Projects";
			sourceTree = "<group>";
		};
		7A5DFB6A20D26AE300A3330B /* Resources */ = {
			isa = PBXGroup;
			children = (
				7A53166821A2DE0D00C9DC91 /* Markdown Content Pages */,
				7A99C6A6212D3E49003DC5D9 /* Localizable.strings */,
				7A200B2120D681EC003C6D97 /* Resources.swift */,
				7A99C6A2212D3D04003DC5D9 /* Strings.swift */,
				7A5DFB6B20D26AE300A3330B /* Colors.xcassets */,
				7A5DFB6C20D26AE300A3330B /* Assets.xcassets */,
				7A9917CC20E8EDFA002879AF /* Icons.xcassets */,
			);
			path = Resources;
			sourceTree = "<group>";
		};
		7A5DFB6D20D26AE300A3330B /* ViewModels */ = {
			isa = PBXGroup;
			children = (
				7A5DFB6E20D26AE300A3330B /* BitriseProjectVM.swift */,
				7AEEECAE2106C71B00D6DD0D /* ProjectBuildVM.swift */,
				7A5952252191537400F3B84E /* DummyProjectVM.swift */,
			);
			path = ViewModels;
			sourceTree = "<group>";
		};
		7A5DFB6F20D26AE300A3330B /* Utils */ = {
			isa = PBXGroup;
			children = (
				7A200B1320D5147E003C6D97 /* Extensions */,
				7A5952272191589A00F3B84E /* RawIdentifierConstants.swift */,
				7A53166B21A4FDD000C9DC91 /* KeyConstants.swift */,
				AAA59990220A464A00AD91AE /* AccessibilityIdentifiers.swift */,
			);
			path = Utils;
			sourceTree = "<group>";
		};
		7A5DFB7020D26AE300A3330B /* Services */ = {
			isa = PBXGroup;
			children = (
				7A5DFB7120D26AE300A3330B /* API */,
			);
			path = Services;
			sourceTree = "<group>";
		};
		7A5DFB7120D26AE300A3330B /* API */ = {
			isa = PBXGroup;
			children = (
				7A5DFB7220D26AE300A3330B /* APIClient.swift */,
				7A22923C216DB4A700372FDF /* APIClient+Build.swift */,
				7ABD284D2179E01F004BA681 /* APIClient+Organizations.swift */,
				7A200B2520D78F1B003C6D97 /* BRSessionManager.swift */,
				7A5E758E20DD275B008D32A5 /* Router.swift */,
			);
			path = API;
			sourceTree = "<group>";
		};
		7A5DFB7320D26AE300A3330B /* Supporting Files */ = {
			isa = PBXGroup;
			children = (
				7A5DFB7420D26AE300A3330B /* GoogleService-Info.plist */,
				7A5DFB7620D26AE300A3330B /* Info.plist */,
			);
			path = "Supporting Files";
			sourceTree = "<group>";
		};
		7A5DFB7720D26AE400A3330B /* Models */ = {
			isa = PBXGroup;
			children = (
				7A99C6B1212E55A8003DC5D9 /* AsyncResult.swift */,
				7A200B1620D53604003C6D97 /* User.swift */,
				7A200B1820D53E82003C6D97 /* BitriseApp.swift */,
				7A200B1A20D54049003C6D97 /* BitriseProjectOwner.swift */,
				7A5E759020DD36B4008D32A5 /* Build.swift */,
				7AC4275620E3A62000DC99C0 /* Paging.swift */,
				7A99C6B3212E55C4003DC5D9 /* StartNewBuild.swift */,
				7A99C6B5212E55E2003DC5D9 /* BuildResponse.swift */,
				7AFCBB89214B8A6000FF0326 /* AbortBuildParams.swift */,
				7A69095121420C4C00487F13 /* BuildAction.swift */,
				7AFCBB8B214C8C9000FF0326 /* Organization.swift */,
				7A628C2F215B4A8D00759E48 /* BuildLog.swift */,
				7A8F71D521C0CC0B008E1825 /* PasscodeTimeoutDuration.swift */,
				7A8750C821F0481F0096D821 /* UISection.swift */,
			);
			path = Models;
			sourceTree = "<group>";
		};
		7A5DFB7920D26AE400A3330B /* Storyboards */ = {
			isa = PBXGroup;
			children = (
				7A797D982170497700E57587 /* Segues.swift */,
				7A200B1F20D681B4003C6D97 /* Storyboards.swift */,
				7A5DFB7A20D26AE400A3330B /* LaunchScreen.storyboard */,
				7A5DFB7C20D26AE400A3330B /* Main.storyboard */,
			);
			path = Storyboards;
			sourceTree = "<group>";
		};
		7A797D9A2170746100E57587 /* Bitrise Builds */ = {
			isa = PBXGroup;
			children = (
				7A797D9C2170749A00E57587 /* Controllers */,
				7A797D9B2170749400E57587 /* Views */,
			);
			path = "Bitrise Builds";
			sourceTree = "<group>";
		};
		7A797D9B2170749400E57587 /* Views */ = {
			isa = PBXGroup;
			children = (
				7AEEECAA2102037B00D6DD0D /* BuildCell.xib */,
				7AEEECAC2102058C00D6DD0D /* BuildCell.swift */,
			);
			path = Views;
			sourceTree = "<group>";
		};
		7A797D9C2170749A00E57587 /* Controllers */ = {
			isa = PBXGroup;
			children = (
				7A8E182C20FF67F30013C253 /* BuildListViewController.swift */,
				7A99C6AD212E5515003DC5D9 /* NewBuildViewController.swift */,
				7AEF23EE215A4BF700BB8DE2 /* BuildDetailViewController.swift */,
				7A628C31215B597000759E48 /* BuildLogViewController.swift */,
			);
			path = Controllers;
			sourceTree = "<group>";
		};
		7A8E182A20FF21150013C253 /* Controllers */ = {
			isa = PBXGroup;
			children = (
				7A95AE2020FC753E008E6E28 /* TabPageViewController.swift */,
				7A95AE2220FC77FB008E6E28 /* TabPageTableViewController.swift */,
				7A628C33215BC0C600759E48 /* BRNavigationController.swift */,
			);
			path = Controllers;
			sourceTree = "<group>";
		};
		7A8E182B20FF218F0013C253 /* User Profile */ = {
			isa = PBXGroup;
			children = (
				7AEEECF92109535400D6DD0D /* Controllers */,
				7AEEECF82109534800D6DD0D /* Views */,
			);
			path = "User Profile";
			sourceTree = "<group>";
		};
		7ABF160C2199A9DF008F0A65 /* SmileLock */ = {
			isa = PBXGroup;
			children = (
				7ABF160D2199AB9A008F0A65 /* swift-version */,
				7ABF160F2199AC84008F0A65 /* LICENSE */,
				7ABF16112199ACAE008F0A65 /* SMILELOCK_README.md */,
				7ABF16122199AD43008F0A65 /* Classes */,
			);
			path = SmileLock;
			sourceTree = "<group>";
		};
		7ABF16122199AD43008F0A65 /* Classes */ = {
			isa = PBXGroup;
			children = (
				7ABF16132199AD7C008F0A65 /* PasswordInputView.swift */,
				7ABF16152199ADAE008F0A65 /* PasswordContainerView.swift */,
				7ABF16172199AE01008F0A65 /* PasswordDotView.swift */,
				7ABF16192199AE24008F0A65 /* PasswordUIValidation.swift */,
				7ABF161B2199AE87008F0A65 /* Assets */,
			);
			name = Classes;
			path = "New Group";
			sourceTree = "<group>";
		};
		7ABF161B2199AE87008F0A65 /* Assets */ = {
			isa = PBXGroup;
			children = (
				7ABF161C2199AE87008F0A65 /* PasswordContainerView.xib */,
				7ABF161D2199AE87008F0A65 /* Assets.xcassets */,
			);
			path = Assets;
			sourceTree = "<group>";
		};
		7AD08342218E7FA5003CB57A /* Settings & Preferences */ = {
			isa = PBXGroup;
			children = (
				7AD08343218E7FCC003CB57A /* SettingsVC.swift */,
				7A4CD89A21BA23DD00D906DC /* SettingsVC+PasscodeDelegate.swift */,
				7A53166621A2DDDA00C9DC91 /* InfoContentViewController.swift */,
			);
			path = "Settings & Preferences";
			sourceTree = "<group>";
		};
		7ADD314720D3301600BE2A77 /* Components */ = {
			isa = PBXGroup;
			children = (
				7ADD314A20D3314A00BE2A77 /* Views */,
				7A8E182A20FF21150013C253 /* Controllers */,
			);
			path = Components;
			sourceTree = "<group>";
		};
		7ADD314A20D3314A00BE2A77 /* Views */ = {
			isa = PBXGroup;
			children = (
				7ADD314820D3305000BE2A77 /* ContentContainer.swift */,
			);
			path = Views;
			sourceTree = "<group>";
		};
		7AEEECF82109534800D6DD0D /* Views */ = {
			isa = PBXGroup;
			children = (
				7AEEECFC21097DD100D6DD0D /* ProfileHeaderView.xib */,
				7AEEECFE2109843D00D6DD0D /* ProfileHeaderView.swift */,
				7A8750C221EF30FC0096D821 /* TeamHeaderView.xib */,
				7A8750C421EF314E0096D821 /* TeamHeaderView.swift */,
			);
			path = Views;
			sourceTree = "<group>";
		};
		7AEEECF92109535400D6DD0D /* Controllers */ = {
			isa = PBXGroup;
			children = (
				7AEEECFA2109537C00D6DD0D /* ProfileViewController.swift */,
			);
			path = Controllers;
			sourceTree = "<group>";
		};
		AA81174D21F6BE0100134820 /* bitrise unofficial ios UITests */ = {
			isa = PBXGroup;
			children = (
				AA81174E21F6BE0100134820 /* bitrise_unofficial_ios_UITests.swift */,
				AA81175021F6BE0100134820 /* Info.plist */,
			);
			path = "bitrise unofficial ios UITests";
			sourceTree = "<group>";
		};
		CE768A2B4F5BB1A99DB39E15 /* Frameworks */ = {
			isa = PBXGroup;
			children = (
				7ABD2855217DD127004BA681 /* CloudKit.framework */,
				1D257D26E6A39EAFFD702009 /* Pods_bitrise_unofficial_ios.framework */,
			);
			name = Frameworks;
			sourceTree = "<group>";
		};
/* End PBXGroup section */

/* Begin PBXNativeTarget section */
		7A5DFB4520D26A8D00A3330B /* bitrise unofficial ios */ = {
			isa = PBXNativeTarget;
			buildConfigurationList = 7A5DFB5820D26A9C00A3330B /* Build configuration list for PBXNativeTarget "bitrise unofficial ios" */;
			buildPhases = (
				539C3BCB975D072B9320C096 /* [CP] Check Pods Manifest.lock */,
				7A95AE1C20F80D9B008E6E28 /* Lint */,
				7A95AE1D20F80D9D008E6E28 /* CodeGen */,
				7A5DFB4220D26A8D00A3330B /* Sources */,
				7A5DFB4320D26A8D00A3330B /* Frameworks */,
				7A5DFB4420D26A8D00A3330B /* Resources */,
				34DBCA121D63CBA8C3965EC8 /* [CP] Embed Pods Frameworks */,
				7A95AE1E20F80DA1008E6E28 /* Crashlytics */,
			);
			buildRules = (
			);
			dependencies = (
			);
			name = "bitrise unofficial ios";
			productName = "bitrise unofficial ios";
			productReference = 7A5DFB4620D26A8D00A3330B /* bitrise unofficial ios.app */;
			productType = "com.apple.product-type.application";
		};
		AA81174B21F6BE0100134820 /* bitrise unofficial ios UITests */ = {
			isa = PBXNativeTarget;
			buildConfigurationList = AA81175521F6BE0100134820 /* Build configuration list for PBXNativeTarget "bitrise unofficial ios UITests" */;
			buildPhases = (
				AA81174821F6BE0100134820 /* Sources */,
				AA81174921F6BE0100134820 /* Frameworks */,
				AA81174A21F6BE0100134820 /* Resources */,
			);
			buildRules = (
			);
			dependencies = (
				AA81175221F6BE0100134820 /* PBXTargetDependency */,
			);
			name = "bitrise unofficial ios UITests";
			productName = "bitrise unofficial ios UITests";
			productReference = AA81174C21F6BE0100134820 /* bitrise unofficial ios UITests.xctest */;
			productType = "com.apple.product-type.bundle.ui-testing";
		};
/* End PBXNativeTarget section */

/* Begin PBXProject section */
		7A5DFB3E20D26A8D00A3330B /* Project object */ = {
			isa = PBXProject;
			attributes = {
				LastSwiftUpdateCheck = 1010;
				LastUpgradeCheck = 1000;
				ORGANIZATIONNAME = "Alexei Gudimenko";
				TargetAttributes = {
					7A5DFB4520D26A8D00A3330B = {
						CreatedOnToolsVersion = 10.0;
						SystemCapabilities = {
							com.apple.Keychain = {
								enabled = 1;
							};
							com.apple.Push = {
								enabled = 1;
							};
							com.apple.Siri = {
								enabled = 1;
							};
							com.apple.iCloud = {
								enabled = 1;
							};
						};
					};
					AA81174B21F6BE0100134820 = {
						CreatedOnToolsVersion = 10.1;
						TestTargetID = 7A5DFB4520D26A8D00A3330B;
					};
				};
			};
			buildConfigurationList = 7A5DFB4120D26A8D00A3330B /* Build configuration list for PBXProject "bitrise unofficial ios" */;
			compatibilityVersion = "Xcode 9.3";
			developmentRegion = en;
			hasScannedForEncodings = 0;
			knownRegions = (
				en,
				Base,
				ru,
				fr,
				ja,
			);
			mainGroup = 7A5DFB3D20D26A8D00A3330B;
			productRefGroup = 7A5DFB4720D26A8D00A3330B /* Products */;
			projectDirPath = "";
			projectRoot = "";
			targets = (
				7A5DFB4520D26A8D00A3330B /* bitrise unofficial ios */,
				AA81174B21F6BE0100134820 /* bitrise unofficial ios UITests */,
			);
		};
/* End PBXProject section */

/* Begin PBXResourcesBuildPhase section */
		7A5DFB4420D26A8D00A3330B /* Resources */ = {
			isa = PBXResourcesBuildPhase;
			buildActionMask = 2147483647;
			files = (
				7A5DFB8E20D26AE400A3330B /* Main.storyboard in Resources */,
				7ABF160E2199AB9A008F0A65 /* swift-version in Resources */,
				7A5DFB8720D26AE400A3330B /* Assets.xcassets in Resources */,
				7ABF161E2199AE87008F0A65 /* PasswordContainerView.xib in Resources */,
				7A9917CD20E8EDFA002879AF /* Icons.xcassets in Resources */,
				7ABF16102199AC84008F0A65 /* LICENSE in Resources */,
				7A5DFB8620D26AE400A3330B /* Colors.xcassets in Resources */,
				7A5DFB8B20D26AE400A3330B /* README.md in Resources */,
				7A99C6A8212D3E4A003DC5D9 /* Localizable.strings in Resources */,
				7A53166A21A2E56E00C9DC91 /* Acknowledgements.md in Resources */,
				7A5DFB8D20D26AE400A3330B /* LaunchScreen.storyboard in Resources */,
				7AEEECAB2102037B00D6DD0D /* BuildCell.xib in Resources */,
				7AEEECFD21097DD100D6DD0D /* ProfileHeaderView.xib in Resources */,
				7ABF161F2199AE87008F0A65 /* Assets.xcassets in Resources */,
				7A8750C321EF30FC0096D821 /* TeamHeaderView.xib in Resources */,
				7A5DFB8A20D26AE400A3330B /* GoogleService-Info.plist in Resources */,
			);
			runOnlyForDeploymentPostprocessing = 0;
		};
		AA81174A21F6BE0100134820 /* Resources */ = {
			isa = PBXResourcesBuildPhase;
			buildActionMask = 2147483647;
			files = (
			);
			runOnlyForDeploymentPostprocessing = 0;
		};
/* End PBXResourcesBuildPhase section */

/* Begin PBXShellScriptBuildPhase section */
		34DBCA121D63CBA8C3965EC8 /* [CP] Embed Pods Frameworks */ = {
			isa = PBXShellScriptBuildPhase;
			buildActionMask = 2147483647;
			files = (
			);
			inputPaths = (
				"${PODS_ROOT}/Target Support Files/Pods-bitrise unofficial ios/Pods-bitrise unofficial ios-frameworks.sh",
				"${BUILT_PRODUCTS_DIR}/Alamofire/Alamofire.framework",
				"${BUILT_PRODUCTS_DIR}/AlamofireImage/AlamofireImage.framework",
				"${BUILT_PRODUCTS_DIR}/AlamofireNetworkActivityIndicator/AlamofireNetworkActivityIndicator.framework",
				"${BUILT_PRODUCTS_DIR}/GTMSessionFetcher/GTMSessionFetcher.framework",
				"${BUILT_PRODUCTS_DIR}/GoogleToolboxForMac/GoogleToolboxForMac.framework",
				"${BUILT_PRODUCTS_DIR}/GoogleUtilities/GoogleUtilities.framework",
				"${BUILT_PRODUCTS_DIR}/IQKeyboardManagerSwift/IQKeyboardManagerSwift.framework",
				"${BUILT_PRODUCTS_DIR}/KeychainAccess/KeychainAccess.framework",
				"${BUILT_PRODUCTS_DIR}/MarkdownView/MarkdownView.framework",
				"${BUILT_PRODUCTS_DIR}/Protobuf/Protobuf.framework",
				"${BUILT_PRODUCTS_DIR}/SVProgressHUD/SVProgressHUD.framework",
				"${BUILT_PRODUCTS_DIR}/SkeletonView/SkeletonView.framework",
				"${BUILT_PRODUCTS_DIR}/SkyFloatingLabelTextField/SkyFloatingLabelTextField.framework",
				"${BUILT_PRODUCTS_DIR}/SwiftDate/SwiftDate.framework",
				"${BUILT_PRODUCTS_DIR}/SwiftSoup/SwiftSoup.framework",
				"${BUILT_PRODUCTS_DIR}/ViewAnimator/ViewAnimator.framework",
				"${BUILT_PRODUCTS_DIR}/XLPagerTabStrip/XLPagerTabStrip.framework",
				"${BUILT_PRODUCTS_DIR}/lottie-ios/Lottie.framework",
				"${BUILT_PRODUCTS_DIR}/nanopb/nanopb.framework",
			);
			name = "[CP] Embed Pods Frameworks";
			outputPaths = (
				"${TARGET_BUILD_DIR}/${FRAMEWORKS_FOLDER_PATH}/Alamofire.framework",
				"${TARGET_BUILD_DIR}/${FRAMEWORKS_FOLDER_PATH}/AlamofireImage.framework",
				"${TARGET_BUILD_DIR}/${FRAMEWORKS_FOLDER_PATH}/AlamofireNetworkActivityIndicator.framework",
				"${TARGET_BUILD_DIR}/${FRAMEWORKS_FOLDER_PATH}/GTMSessionFetcher.framework",
				"${TARGET_BUILD_DIR}/${FRAMEWORKS_FOLDER_PATH}/GoogleToolboxForMac.framework",
				"${TARGET_BUILD_DIR}/${FRAMEWORKS_FOLDER_PATH}/GoogleUtilities.framework",
				"${TARGET_BUILD_DIR}/${FRAMEWORKS_FOLDER_PATH}/IQKeyboardManagerSwift.framework",
				"${TARGET_BUILD_DIR}/${FRAMEWORKS_FOLDER_PATH}/KeychainAccess.framework",
				"${TARGET_BUILD_DIR}/${FRAMEWORKS_FOLDER_PATH}/MarkdownView.framework",
				"${TARGET_BUILD_DIR}/${FRAMEWORKS_FOLDER_PATH}/Protobuf.framework",
				"${TARGET_BUILD_DIR}/${FRAMEWORKS_FOLDER_PATH}/SVProgressHUD.framework",
				"${TARGET_BUILD_DIR}/${FRAMEWORKS_FOLDER_PATH}/SkeletonView.framework",
				"${TARGET_BUILD_DIR}/${FRAMEWORKS_FOLDER_PATH}/SkyFloatingLabelTextField.framework",
				"${TARGET_BUILD_DIR}/${FRAMEWORKS_FOLDER_PATH}/SwiftDate.framework",
				"${TARGET_BUILD_DIR}/${FRAMEWORKS_FOLDER_PATH}/SwiftSoup.framework",
				"${TARGET_BUILD_DIR}/${FRAMEWORKS_FOLDER_PATH}/ViewAnimator.framework",
				"${TARGET_BUILD_DIR}/${FRAMEWORKS_FOLDER_PATH}/XLPagerTabStrip.framework",
				"${TARGET_BUILD_DIR}/${FRAMEWORKS_FOLDER_PATH}/Lottie.framework",
				"${TARGET_BUILD_DIR}/${FRAMEWORKS_FOLDER_PATH}/nanopb.framework",
			);
			runOnlyForDeploymentPostprocessing = 0;
			shellPath = /bin/sh;
			shellScript = "\"${PODS_ROOT}/Target Support Files/Pods-bitrise unofficial ios/Pods-bitrise unofficial ios-frameworks.sh\"\n";
			showEnvVarsInLog = 0;
		};
		539C3BCB975D072B9320C096 /* [CP] Check Pods Manifest.lock */ = {
			isa = PBXShellScriptBuildPhase;
			buildActionMask = 2147483647;
			files = (
			);
			inputPaths = (
				"${PODS_PODFILE_DIR_PATH}/Podfile.lock",
				"${PODS_ROOT}/Manifest.lock",
			);
			name = "[CP] Check Pods Manifest.lock";
			outputPaths = (
				"$(DERIVED_FILE_DIR)/Pods-bitrise unofficial ios-checkManifestLockResult.txt",
			);
			runOnlyForDeploymentPostprocessing = 0;
			shellPath = /bin/sh;
			shellScript = "diff \"${PODS_PODFILE_DIR_PATH}/Podfile.lock\" \"${PODS_ROOT}/Manifest.lock\" > /dev/null\nif [ $? != 0 ] ; then\n    # print error to STDERR\n    echo \"error: The sandbox is not in sync with the Podfile.lock. Run 'pod install' or update your CocoaPods installation.\" >&2\n    exit 1\nfi\n# This output is used by Xcode 'outputs' to avoid re-running this script phase.\necho \"SUCCESS\" > \"${SCRIPT_OUTPUT_FILE_0}\"\n";
			showEnvVarsInLog = 0;
		};
		7A95AE1C20F80D9B008E6E28 /* Lint */ = {
			isa = PBXShellScriptBuildPhase;
			buildActionMask = 2147483647;
			files = (
			);
			inputFileListPaths = (
			);
			inputPaths = (
			);
			name = Lint;
			outputFileListPaths = (
			);
			outputPaths = (
			);
			runOnlyForDeploymentPostprocessing = 0;
			shellPath = /bin/sh;
			shellScript = "\"${PODS_ROOT}/SwiftLint/swiftlint\"\n";
		};
		7A95AE1D20F80D9D008E6E28 /* CodeGen */ = {
			isa = PBXShellScriptBuildPhase;
			buildActionMask = 2147483647;
			files = (
			);
			inputFileListPaths = (
			);
			inputPaths = (
			);
			name = CodeGen;
			outputFileListPaths = (
			);
			outputPaths = (
			);
			runOnlyForDeploymentPostprocessing = 0;
			shellPath = /bin/sh;
			shellScript = "\"$PODS_ROOT\"/SwiftGen/bin/swiftgen\n";
		};
		7A95AE1E20F80DA1008E6E28 /* Crashlytics */ = {
			isa = PBXShellScriptBuildPhase;
			buildActionMask = 2147483647;
			files = (
			);
			inputFileListPaths = (
			);
			inputPaths = (
			);
			name = Crashlytics;
			outputFileListPaths = (
			);
			outputPaths = (
			);
			runOnlyForDeploymentPostprocessing = 0;
			shellPath = /bin/sh;
			shellScript = "\"${PODS_ROOT}/Fabric/run\" 912acde2d5088c0256bf3fbb92595e9ebf0baa84 6f8735957ae74f51f6bb1a72443a07f2697cc937b6bb287422a0ee9f5242ee52\n";
		};
/* End PBXShellScriptBuildPhase section */

/* Begin PBXSourcesBuildPhase section */
		7A5DFB4220D26A8D00A3330B /* Sources */ = {
			isa = PBXSourcesBuildPhase;
			buildActionMask = 2147483647;
			files = (
				7A200B2420D7389A003C6D97 /* BitriseBrowserViewController.swift in Sources */,
				7A200B1B20D54049003C6D97 /* BitriseProjectOwner.swift in Sources */,
				7A200B1720D53604003C6D97 /* User.swift in Sources */,
				7A797D992170497700E57587 /* Segues.swift in Sources */,
				7A5DFB8020D26AE400A3330B /* AppDelegate.swift in Sources */,
				7ABF16182199AE01008F0A65 /* PasswordDotView.swift in Sources */,
				7A8750C521EF314E0096D821 /* TeamHeaderView.swift in Sources */,
				7A200B1920D53E82003C6D97 /* BitriseApp.swift in Sources */,
				7ABF16162199ADAE008F0A65 /* PasswordContainerView.swift in Sources */,
				7A99C6AE212E5515003DC5D9 /* NewBuildViewController.swift in Sources */,
				7AEEECFB2109537C00D6DD0D /* ProfileViewController.swift in Sources */,
				7A349932218EAF710098F31B /* Bundle+AppVersions.swift in Sources */,
				7A5E759120DD36B4008D32A5 /* Build.swift in Sources */,
				7A8E182D20FF67F30013C253 /* BuildListViewController.swift in Sources */,
				7A5E759520DD4285008D32A5 /* String+Digits.swift in Sources */,
				7A690950214176F900487F13 /* NotificationNameExt+Names.swift in Sources */,
				7A99C6A3212D3D04003DC5D9 /* Strings.swift in Sources */,
				7AEEECAD2102058C00D6DD0D /* BuildCell.swift in Sources */,
				7AFCBB8C214C8C9000FF0326 /* Organization.swift in Sources */,
				7A99C6B2212E55A8003DC5D9 /* AsyncResult.swift in Sources */,
				7A95AE2320FC77FB008E6E28 /* TabPageTableViewController.swift in Sources */,
				7ADD314920D3305000BE2A77 /* ContentContainer.swift in Sources */,
				7A5DFB8120D26AE400A3330B /* ViewRepresentable.swift in Sources */,
				7A31109520FEFB84008B5893 /* BitriseYMLViewController.swift in Sources */,
				7A99C6B6212E55E2003DC5D9 /* BuildResponse.swift in Sources */,
				7A8750C921F0481F0096D821 /* UISection.swift in Sources */,
				7A4CD89B21BA23DD00D906DC /* SettingsVC+PasscodeDelegate.swift in Sources */,
				7A00FAD0218FE06500893C93 /* ThemeUpdater.swift in Sources */,
				7A200B1520D514A2003C6D97 /* UITableViewCell+BackgroundColor.swift in Sources */,
				7A8750CB21F176210096D821 /* UITableView+State.swift in Sources */,
				7A5DFB8520D26AE400A3330B /* ProjectListVC.swift in Sources */,
				7A5952282191589A00F3B84E /* RawIdentifierConstants.swift in Sources */,
				7AFCBB8A214B8A6000FF0326 /* AbortBuildParams.swift in Sources */,
				7A95AE2120FC753E008E6E28 /* TabPageViewController.swift in Sources */,
				7A8F71D621C0CC0B008E1825 /* PasscodeTimeoutDuration.swift in Sources */,
				7A200B2020D681B4003C6D97 /* Storyboards.swift in Sources */,
				7A200B2220D681EC003C6D97 /* Resources.swift in Sources */,
				7A53166721A2DDDA00C9DC91 /* InfoContentViewController.swift in Sources */,
				7A1BD1CE20E11646005D805B /* SearchFooter.swift in Sources */,
				7A69095221420C4C00487F13 /* BuildAction.swift in Sources */,
				7AEF23EF215A4BF700BB8DE2 /* BuildDetailViewController.swift in Sources */,
				7A2FB38621367A4A00FC788B /* BitriseAuthDelegate.swift in Sources */,
				AAA59991220A464A00AD91AE /* AccessibilityIdentifiers.swift in Sources */,
				7ABD284E2179E01F004BA681 /* APIClient+Organizations.swift in Sources */,
				AA81175721F6C3B100134820 /* AppDelegate+TestConfig.swift in Sources */,
				7AEEECFF2109843D00D6DD0D /* ProfileHeaderView.swift in Sources */,
				7AC58BBF20F5E9F5007C95C0 /* ProjectDetailViewController.swift in Sources */,
				7AB9D263210EDB410022951F /* AppDelegate+Utils.swift in Sources */,
				7A595224219069AB00F3B84E /* PasscodeViewController.swift in Sources */,
				7AD08344218E7FCC003CB57A /* SettingsVC.swift in Sources */,
				7A8750C721EF323B0096D821 /* UIView+instanceFromNib.swift in Sources */,
				7A5DFB8920D26AE400A3330B /* APIClient.swift in Sources */,
				7A5E758F20DD275B008D32A5 /* Router.swift in Sources */,
				7A5DFB7F20D26AE400A3330B /* TokenAuthVC.swift in Sources */,
				7AC4275720E3A62000DC99C0 /* Paging.swift in Sources */,
				7ABF16142199AD7C008F0A65 /* PasswordInputView.swift in Sources */,
				7AEEECAF2106C71B00D6DD0D /* ProjectBuildVM.swift in Sources */,
				7ABF161A2199AE24008F0A65 /* PasswordUIValidation.swift in Sources */,
				7A99C6B0212E5552003DC5D9 /* UIButton+ViewConfigurable.swift in Sources */,
				7A22923D216DB4A700372FDF /* APIClient+Build.swift in Sources */,
				7A5DFB8420D26AE400A3330B /* ProjectCell.swift in Sources */,
				7A200B2620D78F1B003C6D97 /* BRSessionManager.swift in Sources */,
				7A628C32215B597000759E48 /* BuildLogViewController.swift in Sources */,
				7A5DFB8320D26AE400A3330B /* ViewConfigurable.swift in Sources */,
				7A53166C21A4FDD000C9DC91 /* KeyConstants.swift in Sources */,
				7A5DFB8820D26AE400A3330B /* BitriseProjectVM.swift in Sources */,
				7A628C30215B4A8D00759E48 /* BuildLog.swift in Sources */,
				7A5DFB7E20D26AE400A3330B /* App.swift in Sources */,
				7A99C6B4212E55C4003DC5D9 /* StartNewBuild.swift in Sources */,
				7A5DFB8220D26AE400A3330B /* CellRepresentable.swift in Sources */,
				7A5952262191537400F3B84E /* DummyProjectVM.swift in Sources */,
				7AEF23F1215A4DF500BB8DE2 /* UIViewController+InteractiveGestures.swift in Sources */,
				7A628C34215BC0C600759E48 /* BRNavigationController.swift in Sources */,
			);
			runOnlyForDeploymentPostprocessing = 0;
		};
		AA81174821F6BE0100134820 /* Sources */ = {
			isa = PBXSourcesBuildPhase;
			buildActionMask = 2147483647;
			files = (
				AA81174F21F6BE0100134820 /* bitrise_unofficial_ios_UITests.swift in Sources */,
				AAA59992220A464A00AD91AE /* AccessibilityIdentifiers.swift in Sources */,
			);
			runOnlyForDeploymentPostprocessing = 0;
		};
/* End PBXSourcesBuildPhase section */

/* Begin PBXTargetDependency section */
		AA81175221F6BE0100134820 /* PBXTargetDependency */ = {
			isa = PBXTargetDependency;
			target = 7A5DFB4520D26A8D00A3330B /* bitrise unofficial ios */;
			targetProxy = AA81175121F6BE0100134820 /* PBXContainerItemProxy */;
		};
/* End PBXTargetDependency section */

/* Begin PBXVariantGroup section */
		7A5DFB7A20D26AE400A3330B /* LaunchScreen.storyboard */ = {
			isa = PBXVariantGroup;
			children = (
				7A5DFB7B20D26AE400A3330B /* Base */,
				7A99C6A0212D3C0B003DC5D9 /* ru */,
				7A99C6AC212D4065003DC5D9 /* en */,
				7A6649DB21797D3600543F89 /* fr */,
			);
			name = LaunchScreen.storyboard;
			sourceTree = "<group>";
		};
		7A5DFB7C20D26AE400A3330B /* Main.storyboard */ = {
			isa = PBXVariantGroup;
			children = (
				7A5DFB7D20D26AE400A3330B /* Base */,
				7A99C6A1212D3C0C003DC5D9 /* ru */,
				7A99C6AA212D405D003DC5D9 /* en */,
				7A6649DC21797D3600543F89 /* fr */,
			);
			name = Main.storyboard;
			sourceTree = "<group>";
		};
		7A99C6A6212D3E49003DC5D9 /* Localizable.strings */ = {
			isa = PBXVariantGroup;
			children = (
				7A99C6A7212D3E49003DC5D9 /* en */,
				7A99C6A9212D3E78003DC5D9 /* ru */,
				7A6649DD21797D3600543F89 /* fr */,
			);
			name = Localizable.strings;
			sourceTree = "<group>";
		};
/* End PBXVariantGroup section */

/* Begin XCBuildConfiguration section */
		7A5DFB5620D26A9C00A3330B /* Debug */ = {
			isa = XCBuildConfiguration;
			buildSettings = {
				ALWAYS_SEARCH_USER_PATHS = NO;
				CLANG_ANALYZER_LOCALIZABILITY_NONLOCALIZED = YES;
				CLANG_ANALYZER_NONNULL = YES;
				CLANG_ANALYZER_NUMBER_OBJECT_CONVERSION = YES_AGGRESSIVE;
				CLANG_CXX_LANGUAGE_STANDARD = "gnu++14";
				CLANG_CXX_LIBRARY = "libc++";
				CLANG_ENABLE_MODULES = YES;
				CLANG_ENABLE_OBJC_ARC = YES;
				CLANG_ENABLE_OBJC_WEAK = YES;
				CLANG_WARN_BLOCK_CAPTURE_AUTORELEASING = YES;
				CLANG_WARN_BOOL_CONVERSION = YES;
				CLANG_WARN_COMMA = YES;
				CLANG_WARN_CONSTANT_CONVERSION = YES;
				CLANG_WARN_DEPRECATED_OBJC_IMPLEMENTATIONS = YES;
				CLANG_WARN_DIRECT_OBJC_ISA_USAGE = YES_ERROR;
				CLANG_WARN_DOCUMENTATION_COMMENTS = YES;
				CLANG_WARN_EMPTY_BODY = YES;
				CLANG_WARN_ENUM_CONVERSION = YES;
				CLANG_WARN_INFINITE_RECURSION = YES;
				CLANG_WARN_INT_CONVERSION = YES;
				CLANG_WARN_NON_LITERAL_NULL_CONVERSION = YES;
				CLANG_WARN_OBJC_IMPLICIT_RETAIN_SELF = YES;
				CLANG_WARN_OBJC_LITERAL_CONVERSION = YES;
				CLANG_WARN_OBJC_ROOT_CLASS = YES_ERROR;
				CLANG_WARN_RANGE_LOOP_ANALYSIS = YES;
				CLANG_WARN_STRICT_PROTOTYPES = YES;
				CLANG_WARN_SUSPICIOUS_MOVE = YES;
				CLANG_WARN_UNGUARDED_AVAILABILITY = YES_AGGRESSIVE;
				CLANG_WARN_UNREACHABLE_CODE = YES;
				CLANG_WARN__DUPLICATE_METHOD_MATCH = YES;
				CODE_SIGN_IDENTITY = "iPhone Developer";
				COPY_PHASE_STRIP = NO;
				DEBUG_INFORMATION_FORMAT = dwarf;
				ENABLE_STRICT_OBJC_MSGSEND = YES;
				ENABLE_TESTABILITY = YES;
				GCC_C_LANGUAGE_STANDARD = gnu11;
				GCC_DYNAMIC_NO_PIC = NO;
				GCC_NO_COMMON_BLOCKS = YES;
				GCC_OPTIMIZATION_LEVEL = 0;
				GCC_PREPROCESSOR_DEFINITIONS = (
					"DEBUG=1",
					"$(inherited)",
				);
				GCC_WARN_64_TO_32_BIT_CONVERSION = YES;
				GCC_WARN_ABOUT_RETURN_TYPE = YES_ERROR;
				GCC_WARN_UNDECLARED_SELECTOR = YES;
				GCC_WARN_UNINITIALIZED_AUTOS = YES_AGGRESSIVE;
				GCC_WARN_UNUSED_FUNCTION = YES;
				GCC_WARN_UNUSED_VARIABLE = YES;
				IPHONEOS_DEPLOYMENT_TARGET = 11.4;
				MTL_ENABLE_DEBUG_INFO = INCLUDE_SOURCE;
				ONLY_ACTIVE_ARCH = YES;
				SDKROOT = iphoneos;
				SWIFT_ACTIVE_COMPILATION_CONDITIONS = DEBUG;
				SWIFT_OPTIMIZATION_LEVEL = "-Onone";
			};
			name = Debug;
		};
		7A5DFB5720D26A9C00A3330B /* Release */ = {
			isa = XCBuildConfiguration;
			buildSettings = {
				ALWAYS_SEARCH_USER_PATHS = NO;
				CLANG_ANALYZER_LOCALIZABILITY_NONLOCALIZED = YES;
				CLANG_ANALYZER_NONNULL = YES;
				CLANG_ANALYZER_NUMBER_OBJECT_CONVERSION = YES_AGGRESSIVE;
				CLANG_CXX_LANGUAGE_STANDARD = "gnu++14";
				CLANG_CXX_LIBRARY = "libc++";
				CLANG_ENABLE_MODULES = YES;
				CLANG_ENABLE_OBJC_ARC = YES;
				CLANG_ENABLE_OBJC_WEAK = YES;
				CLANG_WARN_BLOCK_CAPTURE_AUTORELEASING = YES;
				CLANG_WARN_BOOL_CONVERSION = YES;
				CLANG_WARN_COMMA = YES;
				CLANG_WARN_CONSTANT_CONVERSION = YES;
				CLANG_WARN_DEPRECATED_OBJC_IMPLEMENTATIONS = YES;
				CLANG_WARN_DIRECT_OBJC_ISA_USAGE = YES_ERROR;
				CLANG_WARN_DOCUMENTATION_COMMENTS = YES;
				CLANG_WARN_EMPTY_BODY = YES;
				CLANG_WARN_ENUM_CONVERSION = YES;
				CLANG_WARN_INFINITE_RECURSION = YES;
				CLANG_WARN_INT_CONVERSION = YES;
				CLANG_WARN_NON_LITERAL_NULL_CONVERSION = YES;
				CLANG_WARN_OBJC_IMPLICIT_RETAIN_SELF = YES;
				CLANG_WARN_OBJC_LITERAL_CONVERSION = YES;
				CLANG_WARN_OBJC_ROOT_CLASS = YES_ERROR;
				CLANG_WARN_RANGE_LOOP_ANALYSIS = YES;
				CLANG_WARN_STRICT_PROTOTYPES = YES;
				CLANG_WARN_SUSPICIOUS_MOVE = YES;
				CLANG_WARN_UNGUARDED_AVAILABILITY = YES_AGGRESSIVE;
				CLANG_WARN_UNREACHABLE_CODE = YES;
				CLANG_WARN__DUPLICATE_METHOD_MATCH = YES;
				CODE_SIGN_IDENTITY = "iPhone Developer";
				COPY_PHASE_STRIP = NO;
				DEBUG_INFORMATION_FORMAT = "dwarf-with-dsym";
				ENABLE_NS_ASSERTIONS = NO;
				ENABLE_STRICT_OBJC_MSGSEND = YES;
				GCC_C_LANGUAGE_STANDARD = gnu11;
				GCC_NO_COMMON_BLOCKS = YES;
				GCC_WARN_64_TO_32_BIT_CONVERSION = YES;
				GCC_WARN_ABOUT_RETURN_TYPE = YES_ERROR;
				GCC_WARN_UNDECLARED_SELECTOR = YES;
				GCC_WARN_UNINITIALIZED_AUTOS = YES_AGGRESSIVE;
				GCC_WARN_UNUSED_FUNCTION = YES;
				GCC_WARN_UNUSED_VARIABLE = YES;
				IPHONEOS_DEPLOYMENT_TARGET = 11.4;
				MTL_ENABLE_DEBUG_INFO = NO;
				SDKROOT = iphoneos;
				SWIFT_COMPILATION_MODE = wholemodule;
				SWIFT_OPTIMIZATION_LEVEL = "-O";
				VALIDATE_PRODUCT = YES;
			};
			name = Release;
		};
		7A5DFB5920D26A9C00A3330B /* Debug */ = {
			isa = XCBuildConfiguration;
			baseConfigurationReference = 0FDA6596E94ED769D179232C /* Pods-bitrise unofficial ios.debug.xcconfig */;
			buildSettings = {
				ASSETCATALOG_COMPILER_APPICON_NAME = AppIcon;
				CODE_SIGN_ENTITLEMENTS = "bitrise unofficial ios/bitrise unofficial ios.entitlements";
				CODE_SIGN_STYLE = Automatic;
				DEBUG_INFORMATION_FORMAT = "dwarf-with-dsym";
				DEVELOPMENT_TEAM = 2T22SH3926;
				INFOPLIST_FILE = "$(SRCROOT)/bitrise unofficial ios/Supporting Files/Info.plist";
				IPHONEOS_DEPLOYMENT_TARGET = 11.0;
				LD_RUNPATH_SEARCH_PATHS = (
					"$(inherited)",
					"@executable_path/Frameworks",
				);
				OTHER_LDFLAGS = (
					"$(inherited)",
					"-ObjC",
					"-l\"c++\"",
					"-l\"sqlite3\"",
					"-l\"z\"",
					"-framework",
					"\"Alamofire\"",
					"-framework",
					"\"AlamofireImage\"",
					"-framework",
					"\"AlamofireNetworkActivityIndicator\"",
					"-framework",
					"\"CoreGraphics\"",
					"-framework",
					"\"CoreTelephony\"",
					"-framework",
					"\"Crashlytics\"",
					"-framework",
					"\"Fabric\"",
					"-framework",
					"\"FirebaseAnalytics\"",
					"-framework",
					"\"FirebaseCore\"",
					"-framework",
					"\"FirebaseCoreDiagnostics\"",
					"-framework",
					"\"FirebaseInstanceID\"",
					"-framework",
					"\"FirebaseMessaging\"",
					"-framework",
					"\"FirebasePerformance\"",
					"-framework",
					"\"Foundation\"",
					"-framework",
					"\"GTMSessionFetcher\"",
					"-framework",
					"\"GoogleAppMeasurement\"",
					"-framework",
					"\"GoogleToolboxForMac\"",
					"-framework",
					"\"GoogleUtilities\"",
					"-framework",
					"\"IQKeyboardManagerSwift\"",
					"-framework",
					"\"KeychainAccess\"",
					"-framework",
					"\"Lottie\"",
					"-framework",
					"\"Protobuf\"",
					"-framework",
					"\"QuartzCore\"",
					"-framework",
					"\"SVProgressHUD\"",
					"-framework",
					"\"Security\"",
					"-framework",
					"\"SkeletonView\"",
					"-framework",
					"\"SkyFloatingLabelTextField\"",
					"-framework",
					"\"StoreKit\"",
					"-framework",
					"\"SwiftDate\"",
					"-framework",
					"\"SwiftSoup\"",
					"-framework",
					"\"SystemConfiguration\"",
					"-framework",
					"\"UIKit\"",
					"-framework",
					"\"ViewAnimator\"",
					"-framework",
					"\"XLPagerTabStrip\"",
					"-framework",
					"\"nanopb\"",
				);
				PRODUCT_BUNDLE_IDENTIFIER = "com.gudimenko.alexei.bitrise-unofficial-ios";
				PRODUCT_NAME = "$(TARGET_NAME)";
				SWIFT_VERSION = 4.2;
				TARGETED_DEVICE_FAMILY = 1;
			};
			name = Debug;
		};
		7A5DFB5A20D26A9C00A3330B /* Release */ = {
			isa = XCBuildConfiguration;
			baseConfigurationReference = C9A38727C6B2204731A14ED2 /* Pods-bitrise unofficial ios.release.xcconfig */;
			buildSettings = {
				ASSETCATALOG_COMPILER_APPICON_NAME = AppIcon;
				CODE_SIGN_ENTITLEMENTS = "bitrise unofficial ios/bitrise unofficial ios.entitlements";
				CODE_SIGN_STYLE = Automatic;
				DEVELOPMENT_TEAM = 2T22SH3926;
				INFOPLIST_FILE = "$(SRCROOT)/bitrise unofficial ios/Supporting Files/Info.plist";
				IPHONEOS_DEPLOYMENT_TARGET = 11.0;
				LD_RUNPATH_SEARCH_PATHS = (
					"$(inherited)",
					"@executable_path/Frameworks",
				);
				OTHER_LDFLAGS = (
					"$(inherited)",
					"-ObjC",
					"-l\"c++\"",
					"-l\"sqlite3\"",
					"-l\"z\"",
					"-framework",
					"\"Alamofire\"",
					"-framework",
					"\"AlamofireImage\"",
					"-framework",
					"\"AlamofireNetworkActivityIndicator\"",
					"-framework",
					"\"CoreGraphics\"",
					"-framework",
					"\"CoreTelephony\"",
					"-framework",
					"\"Crashlytics\"",
					"-framework",
					"\"Fabric\"",
					"-framework",
					"\"FirebaseAnalytics\"",
					"-framework",
					"\"FirebaseCore\"",
					"-framework",
					"\"FirebaseCoreDiagnostics\"",
					"-framework",
					"\"FirebaseInstanceID\"",
					"-framework",
					"\"FirebaseMessaging\"",
					"-framework",
					"\"FirebasePerformance\"",
					"-framework",
					"\"Foundation\"",
					"-framework",
					"\"GTMSessionFetcher\"",
					"-framework",
					"\"GoogleAppMeasurement\"",
					"-framework",
					"\"GoogleToolboxForMac\"",
					"-framework",
					"\"GoogleUtilities\"",
					"-framework",
					"\"IQKeyboardManagerSwift\"",
					"-framework",
					"\"KeychainAccess\"",
					"-framework",
					"\"Lottie\"",
					"-framework",
					"\"Protobuf\"",
					"-framework",
					"\"QuartzCore\"",
					"-framework",
					"\"SVProgressHUD\"",
					"-framework",
					"\"Security\"",
					"-framework",
					"\"SkeletonView\"",
					"-framework",
					"\"SkyFloatingLabelTextField\"",
					"-framework",
					"\"StoreKit\"",
					"-framework",
					"\"SwiftDate\"",
					"-framework",
					"\"SwiftSoup\"",
					"-framework",
					"\"SystemConfiguration\"",
					"-framework",
					"\"UIKit\"",
					"-framework",
					"\"ViewAnimator\"",
					"-framework",
					"\"XLPagerTabStrip\"",
					"-framework",
					"\"nanopb\"",
				);
				PRODUCT_BUNDLE_IDENTIFIER = "com.gudimenko.alexei.bitrise-unofficial-ios";
				PRODUCT_NAME = "$(TARGET_NAME)";
				SWIFT_VERSION = 4.2;
				TARGETED_DEVICE_FAMILY = 1;
			};
			name = Release;
		};
		AA81175321F6BE0100134820 /* Debug */ = {
			isa = XCBuildConfiguration;
			buildSettings = {
				CODE_SIGN_STYLE = Automatic;
				DEVELOPMENT_TEAM = 2T22SH3926;
				INFOPLIST_FILE = "bitrise unofficial ios UITests/Info.plist";
				IPHONEOS_DEPLOYMENT_TARGET = 12.1;
				LD_RUNPATH_SEARCH_PATHS = (
					"$(inherited)",
					"@executable_path/Frameworks",
					"@loader_path/Frameworks",
				);
				MTL_FAST_MATH = YES;
				PRODUCT_BUNDLE_IDENTIFIER = "Animated-Stardust.bitrise-unofficial-ios-UITests";
				PRODUCT_NAME = "$(TARGET_NAME)";
				SWIFT_VERSION = 4.2;
				TARGETED_DEVICE_FAMILY = "1,2";
				TEST_TARGET_NAME = "bitrise unofficial ios";
			};
			name = Debug;
		};
		AA81175421F6BE0100134820 /* Release */ = {
			isa = XCBuildConfiguration;
			buildSettings = {
				CODE_SIGN_STYLE = Automatic;
				DEVELOPMENT_TEAM = 2T22SH3926;
				INFOPLIST_FILE = "bitrise unofficial ios UITests/Info.plist";
				IPHONEOS_DEPLOYMENT_TARGET = 12.1;
				LD_RUNPATH_SEARCH_PATHS = (
					"$(inherited)",
					"@executable_path/Frameworks",
					"@loader_path/Frameworks",
				);
				MTL_FAST_MATH = YES;
				PRODUCT_BUNDLE_IDENTIFIER = "Animated-Stardust.bitrise-unofficial-ios-UITests";
				PRODUCT_NAME = "$(TARGET_NAME)";
				SWIFT_VERSION = 4.2;
				TARGETED_DEVICE_FAMILY = "1,2";
				TEST_TARGET_NAME = "bitrise unofficial ios";
			};
			name = Release;
		};
/* End XCBuildConfiguration section */

/* Begin XCConfigurationList section */
		7A5DFB4120D26A8D00A3330B /* Build configuration list for PBXProject "bitrise unofficial ios" */ = {
			isa = XCConfigurationList;
			buildConfigurations = (
				7A5DFB5620D26A9C00A3330B /* Debug */,
				7A5DFB5720D26A9C00A3330B /* Release */,
			);
			defaultConfigurationIsVisible = 0;
			defaultConfigurationName = Release;
		};
		7A5DFB5820D26A9C00A3330B /* Build configuration list for PBXNativeTarget "bitrise unofficial ios" */ = {
			isa = XCConfigurationList;
			buildConfigurations = (
				7A5DFB5920D26A9C00A3330B /* Debug */,
				7A5DFB5A20D26A9C00A3330B /* Release */,
			);
			defaultConfigurationIsVisible = 0;
			defaultConfigurationName = Release;
		};
		AA81175521F6BE0100134820 /* Build configuration list for PBXNativeTarget "bitrise unofficial ios UITests" */ = {
			isa = XCConfigurationList;
			buildConfigurations = (
				AA81175321F6BE0100134820 /* Debug */,
				AA81175421F6BE0100134820 /* Release */,
			);
			defaultConfigurationIsVisible = 0;
			defaultConfigurationName = Release;
		};
/* End XCConfigurationList section */
	};
	rootObject = 7A5DFB3E20D26A8D00A3330B /* Project object */;
}
